<?xml version="1.0" encoding="utf-8"?>
<Project ToolsVersion="4.0" xmlns="http://schemas.microsoft.com/developer/msbuild/2003">
  <ItemGroup>
    <Filter Include="소스 파일">
      <UniqueIdentifier>{4FC737F1-C7A5-4376-A066-2A32D752A2FF}</UniqueIdentifier>
      <Extensions>cpp;c;cc;cxx;def;odl;idl;hpj;bat;asm;asmx</Extensions>
    </Filter>
    <Filter Include="헤더 파일">
      <UniqueIdentifier>{93995380-89BD-4b04-88EB-625FBE52EBFB}</UniqueIdentifier>
      <Extensions>h;hh;hpp;hxx;hm;inl;inc;xsd</Extensions>
    </Filter>
    <Filter Include="리소스 파일">
      <UniqueIdentifier>{67DA6AB6-F800-4c08-8B7A-83BB121AAD01}</UniqueIdentifier>
      <Extensions>rc;ico;cur;bmp;dlg;rc2;rct;bin;rgs;gif;jpg;jpeg;jpe;resx;tiff;tif;png;wav;mfcribbon-ms</Extensions>
    </Filter>
  </ItemGroup>
  <ItemGroup>
    <Text Include="ReadMe.txt" />
  </ItemGroup>
  <ItemGroup>
    <ClInclude Include="AITool.h">
      <Filter>헤더 파일</Filter>
    </ClInclude>
    <ClInclude Include="stdafx.h">
      <Filter>헤더 파일</Filter>
    </ClInclude>
    <ClInclude Include="targetver.h">
      <Filter>헤더 파일</Filter>
    </ClInclude>
    <ClInclude Include="MainFrm.h">
      <Filter>헤더 파일</Filter>
    </ClInclude>
    <ClInclude Include="AIToolDoc.h">
      <Filter>헤더 파일</Filter>
    </ClInclude>
    <ClInclude Include="AIToolView.h">
      <Filter>헤더 파일</Filter>
    </ClInclude>
    <ClInclude Include="Resource.h">
      <Filter>헤더 파일</Filter>
    </ClInclude>
    <ClInclude Include="GMap.h">
      <Filter>헤더 파일</Filter>
    </ClInclude>
    <ClInclude Include="GHeightMap.h">
      <Filter>헤더 파일</Filter>
    </ClInclude>
    <ClInclude Include="GNode.h">
      <Filter>헤더 파일</Filter>
    </ClInclude>
    <ClInclude Include="TBaseObj.h">
      <Filter>헤더 파일</Filter>
    </ClInclude>
    <ClInclude Include="GQuadTree.h">
      <Filter>헤더 파일</Filter>
    </ClInclude>
    <ClInclude Include="GMapLOD.h">
      <Filter>헤더 파일</Filter>
    </ClInclude>
    <ClInclude Include="GMapTileRender.h">
      <Filter>헤더 파일</Filter>
    </ClInclude>
  </ItemGroup>
  <ItemGroup>
    <ClCompile Include="AITool.cpp">
      <Filter>소스 파일</Filter>
    </ClCompile>
    <ClCompile Include="stdafx.cpp">
      <Filter>소스 파일</Filter>
    </ClCompile>
    <ClCompile Include="MainFrm.cpp">
      <Filter>소스 파일</Filter>
    </ClCompile>
    <ClCompile Include="AIToolDoc.cpp">
      <Filter>소스 파일</Filter>
    </ClCompile>
    <ClCompile Include="AIToolView.cpp">
      <Filter>소스 파일</Filter>
    </ClCompile>
    <ClCompile Include="GMap.cpp">
      <Filter>소스 파일</Filter>
    </ClCompile>
    <ClCompile Include="GHeightMap.cpp">
      <Filter>소스 파일</Filter>
    </ClCompile>
    <ClCompile Include="GNode.cpp">
      <Filter>소스 파일</Filter>
    </ClCompile>
    <ClCompile Include="TBaseObj.cpp">
      <Filter>소스 파일</Filter>
    </ClCompile>
    <ClCompile Include="GQuadTree.cpp">
      <Filter>소스 파일</Filter>
    </ClCompile>
    <ClCompile Include="GMapLOD.cpp">
      <Filter>소스 파일</Filter>
    </ClCompile>
    <ClCompile Include="GMapTileRender.cpp">
      <Filter>소스 파일</Filter>
    </ClCompile>
  </ItemGroup>
  <ItemGroup>
    <ResourceCompile Include="AITool.rc">
      <Filter>리소스 파일</Filter>
    </ResourceCompile>
  </ItemGroup>
  <ItemGroup>
    <Image Include="UserImages.bmp">
      <Filter>리소스 파일</Filter>
    </Image>
    <Image Include="res\AIToolDoc.ico">
      <Filter>리소스 파일</Filter>
    </Image>
    <Image Include="res\AITool.ico">
      <Filter>리소스 파일</Filter>
    </Image>
    <Image Include="res\Toolbar.bmp">
      <Filter>리소스 파일</Filter>
    </Image>
    <Image Include="res\Toolbar256.bmp">
      <Filter>리소스 파일</Filter>
    </Image>
  </ItemGroup>
  <ItemGroup>
    <None Include="res\AITool.rc2">
      <Filter>리소스 파일</Filter>
    </None>
  </ItemGroup>
  <ItemGroup>
    <FxCompile Include="HeightMap.hlsl" />
    <FxCompile Include="QuadTree.hlsl" />
  </ItemGroup>
</Project>