<?xml version="1.0" encoding="utf-8"?>
<Project ToolsVersion="4.0" xmlns="http://schemas.microsoft.com/developer/msbuild/2003">
  <ItemGroup>
    <Filter Include="소스 파일">
      <UniqueIdentifier>{4FC737F1-C7A5-4376-A066-2A32D752A2FF}</UniqueIdentifier>
      <Extensions>cpp;c;cc;cxx;def;odl;idl;hpj;bat;asm;asmx</Extensions>
    </Filter>
    <Filter Include="헤더 파일">
      <UniqueIdentifier>{93995380-89BD-4b04-88EB-625FBE52EBFB}</UniqueIdentifier>
      <Extensions>h;hpp;hxx;hm;inl;inc;xsd</Extensions>
    </Filter>
    <Filter Include="리소스 파일">
      <UniqueIdentifier>{67DA6AB6-F800-4c08-8B7A-83BB121AAD01}</UniqueIdentifier>
      <Extensions>rc;ico;cur;bmp;dlg;rc2;rct;bin;rgs;gif;jpg;jpeg;jpe;resx;tiff;tif;png;wav</Extensions>
    </Filter>
    <Filter Include="Common">
      <UniqueIdentifier>{209f3ff2-d92f-4c71-8206-339e64a2dbf0}</UniqueIdentifier>
    </Filter>
  </ItemGroup>
  <ItemGroup>
    <ClCompile Include="TBasisLib_0.cpp">
      <Filter>소스 파일</Filter>
    </ClCompile>
    <ClCompile Include="TDevice.cpp">
      <Filter>소스 파일</Filter>
    </ClCompile>
    <ClCompile Include="TInput.cpp">
      <Filter>소스 파일</Filter>
    </ClCompile>
    <ClCompile Include="TTimer.cpp">
      <Filter>소스 파일</Filter>
    </ClCompile>
    <ClCompile Include="TWindow.cpp">
      <Filter>소스 파일</Filter>
    </ClCompile>
    <ClCompile Include="TDirectWrite.cpp">
      <Filter>소스 파일</Filter>
    </ClCompile>
    <ClCompile Include="TDxHelper.cpp">
      <Filter>소스 파일</Filter>
    </ClCompile>
    <ClCompile Include="TShape.cpp">
      <Filter>Common</Filter>
    </ClCompile>
    <ClCompile Include="TArcBall.cpp">
      <Filter>Common</Filter>
    </ClCompile>
    <ClCompile Include="TBackViewCamera.cpp">
      <Filter>Common</Filter>
    </ClCompile>
    <ClCompile Include="TCamera.cpp">
      <Filter>Common</Filter>
    </ClCompile>
    <ClCompile Include="TFrustum.cpp">
      <Filter>Common</Filter>
    </ClCompile>
    <ClCompile Include="TModelViewCamera.cpp">
      <Filter>Common</Filter>
    </ClCompile>
    <ClCompile Include="TTextureMgr.cpp">
      <Filter>Common</Filter>
    </ClCompile>
    <ClCompile Include="TDxState.cpp">
      <Filter>Common</Filter>
    </ClCompile>
    <ClCompile Include="TDxHelperEx.cpp">
      <Filter>Common</Filter>
    </ClCompile>
    <ClCompile Include="TCore.cpp">
      <Filter>소스 파일</Filter>
    </ClCompile>
  </ItemGroup>
  <ItemGroup>
    <ClInclude Include="TBasisLib_0.h">
      <Filter>헤더 파일</Filter>
    </ClInclude>
    <ClInclude Include="TBasisStd.h">
      <Filter>헤더 파일</Filter>
    </ClInclude>
    <ClInclude Include="TDevice.h">
      <Filter>헤더 파일</Filter>
    </ClInclude>
    <ClInclude Include="TInput.h">
      <Filter>헤더 파일</Filter>
    </ClInclude>
    <ClInclude Include="TTimer.h">
      <Filter>헤더 파일</Filter>
    </ClInclude>
    <ClInclude Include="TWindow.h">
      <Filter>헤더 파일</Filter>
    </ClInclude>
    <ClInclude Include="TDirectWrite.h">
      <Filter>헤더 파일</Filter>
    </ClInclude>
    <ClInclude Include="TShape.h">
      <Filter>Common</Filter>
    </ClInclude>
    <ClInclude Include="TArcBall.h">
      <Filter>Common</Filter>
    </ClInclude>
    <ClInclude Include="TBackViewCamera.h">
      <Filter>Common</Filter>
    </ClInclude>
    <ClInclude Include="TCamera.h">
      <Filter>Common</Filter>
    </ClInclude>
    <ClInclude Include="TFrustum.h">
      <Filter>Common</Filter>
    </ClInclude>
    <ClInclude Include="TModelViewCamera.h">
      <Filter>Common</Filter>
    </ClInclude>
    <ClInclude Include="TTextureMgr.h">
      <Filter>Common</Filter>
    </ClInclude>
    <ClInclude Include="TDxHelperEx.h">
      <Filter>Common</Filter>
    </ClInclude>
    <ClInclude Include="TDxHelper.h">
      <Filter>Common</Filter>
    </ClInclude>
    <ClInclude Include="TDxState.h">
      <Filter>Common</Filter>
    </ClInclude>
    <ClInclude Include="TCore.h">
      <Filter>헤더 파일</Filter>
    </ClInclude>
  </ItemGroup>
  <ItemGroup>
    <Text Include="ReadMe.txt" />
  </ItemGroup>
  <ItemGroup>
    <None Include="ClassDiagram.cd" />
  </ItemGroup>
</Project>