
Microsoft Visual Studio Solution File, Format Version 12.00
# Visual Studio 14
VisualStudioVersion = 14.0.23107.0
MinimumVisualStudioVersion = 10.0.40219.1
Project("{8BC9CEB8-8B4A-11D0-8D11-00A0C91BC942}") = "SampleWindow_2", "SampleWindow_2\SampleWindow_2.vcxproj", "{F2EA1271-A831-47E4-B657-C827765B1FF1}"
EndProject
Project("{8BC9CEB8-8B4A-11D0-8D11-00A0C91BC942}") = "WCoreLib", "WCoreLib\WCoreLib.vcxproj", "{DDDFFAD9-0AF9-4DB1-B987-3E702B775DFA}"
EndProject
Project("{8BC9CEB8-8B4A-11D0-8D11-00A0C91BC942}") = "SampleWindow_3", "SampleWindow_3\SampleWindow_3.vcxproj", "{78718040-1351-4264-9C0B-B20A4D99892D}"
	ProjectSection(ProjectDependencies) = postProject
		{DDDFFAD9-0AF9-4DB1-B987-3E702B775DFA} = {DDDFFAD9-0AF9-4DB1-B987-3E702B775DFA}
	EndProjectSection
EndProject
Project("{8BC9CEB8-8B4A-11D0-8D11-00A0C91BC942}") = "SampleWindow_3_Bitmap", "SampleWindow_3_Bitmap\SampleWindow_3_Bitmap.vcxproj", "{BE3B3605-6F6D-4A4F-8FAA-90A7E0426C12}"
	ProjectSection(ProjectDependencies) = postProject
		{DDDFFAD9-0AF9-4DB1-B987-3E702B775DFA} = {DDDFFAD9-0AF9-4DB1-B987-3E702B775DFA}
	EndProjectSection
EndProject
Project("{8BC9CEB8-8B4A-11D0-8D11-00A0C91BC942}") = "SampleWindow_4_Rotate", "SampleWindow_4_Rotate\SampleWindow_4_Rotate.vcxproj", "{05127DC5-02AA-4921-BE3E-968E801778A5}"
	ProjectSection(ProjectDependencies) = postProject
		{DDDFFAD9-0AF9-4DB1-B987-3E702B775DFA} = {DDDFFAD9-0AF9-4DB1-B987-3E702B775DFA}
	EndProjectSection
EndProject
Project("{8BC9CEB8-8B4A-11D0-8D11-00A0C91BC942}") = "Test_bitmap", "Test_bitmap\Test_bitmap.vcxproj", "{6F34B66C-581B-4A43-A522-9183CD41E1D0}"
	ProjectSection(ProjectDependencies) = postProject
		{DDDFFAD9-0AF9-4DB1-B987-3E702B775DFA} = {DDDFFAD9-0AF9-4DB1-B987-3E702B775DFA}
	EndProjectSection
EndProject
Project("{2150E333-8FDC-42A3-9474-1A3956D46DE8}") = "MY", "MY", "{12C018F7-78A0-423D-B63D-0B1E8D8094E0}"
EndProject
Project("{2150E333-8FDC-42A3-9474-1A3956D46DE8}") = "SampleWindow", "SampleWindow", "{DAADC3BF-4341-46A5-B821-57E96CC30219}"
EndProject
Project("{2150E333-8FDC-42A3-9474-1A3956D46DE8}") = "00_Socket", "00_Socket", "{3E210718-7387-476A-B4BB-58D8C641BD3F}"
EndProject
Project("{8BC9CEB8-8B4A-11D0-8D11-00A0C91BC942}") = "WinSock_00", "WinSock_00\WinSock_00.vcxproj", "{A5265C21-8E8C-447C-8F69-E0962F40A2D7}"
EndProject
Project("{8BC9CEB8-8B4A-11D0-8D11-00A0C91BC942}") = "WinSockSvr_0", "WinSockSvr_0\WinSockSvr_0.vcxproj", "{A3A4C3C0-D2A4-451C-B928-BBFC141D8C88}"
EndProject
Project("{2150E333-8FDC-42A3-9474-1A3956D46DE8}") = "0_echo", "0_echo", "{CAE23E2A-960D-4427-84A7-32167E8BDD41}"
EndProject
Project("{2150E333-8FDC-42A3-9474-1A3956D46DE8}") = "1_thread", "1_thread", "{8152B57D-7812-4BA0-96B9-9217567C0B6F}"
EndProject
Project("{8BC9CEB8-8B4A-11D0-8D11-00A0C91BC942}") = "Thread_01_Client", "Thread_01_Client\Thread_01_Client.vcxproj", "{77B9C9B9-E6F5-4E31-B060-2DB998D0EE7F}"
EndProject
Project("{8BC9CEB8-8B4A-11D0-8D11-00A0C91BC942}") = "Thread_01_Sever", "Thread_01_Sever\Thread_01_Sever.vcxproj", "{6D0AE9EF-FA87-4BFD-A982-9DE5558E8944}"
EndProject
Project("{8BC9CEB8-8B4A-11D0-8D11-00A0C91BC942}") = "Thread_02_Server", "Thread_02_Server\Thread_02_Server.vcxproj", "{CB9C92CC-DD3F-4714-8A14-48EF942377AF}"
EndProject
Project("{2150E333-8FDC-42A3-9474-1A3956D46DE8}") = "vector", "vector", "{3228D435-BF1D-4FDB-B38E-7D8273865D82}"
	ProjectSection(SolutionItems) = preProject
		..\..\..\SampleCode\VECTOR~1\main.cpp = ..\..\..\SampleCode\VECTOR~1\main.cpp
	EndProjectSection
EndProject
Project("{8BC9CEB8-8B4A-11D0-8D11-00A0C91BC942}") = "vec", "vec\vec.vcxproj", "{92CBE78A-1CE4-44B2-8ABE-AFEA86E78C32}"
EndProject
Project("{2150E333-8FDC-42A3-9474-1A3956D46DE8}") = "2_Packet", "2_Packet", "{650479D1-55D7-4CE6-A7E4-924D5D61571E}"
EndProject
Project("{8BC9CEB8-8B4A-11D0-8D11-00A0C91BC942}") = "MakePack_Svr", "MakePack_Svr\MakePack_Svr.vcxproj", "{94DB700F-8BDB-43C2-81FD-2AED7509A97B}"
EndProject
Project("{8BC9CEB8-8B4A-11D0-8D11-00A0C91BC942}") = "MakePack_Client", "MakePack_Client\MakePack_Client.vcxproj", "{30D3BCCA-A00F-4982-99D8-3E5DD7F159BA}"
EndProject
Project("{2150E333-8FDC-42A3-9474-1A3956D46DE8}") = "6_Select", "6_Select", "{77A6C693-9596-492F-8C0E-9E0E4AAEAFE6}"
EndProject
Project("{8BC9CEB8-8B4A-11D0-8D11-00A0C91BC942}") = "Select_1", "Select_1\Select_1.vcxproj", "{F9B22460-65A7-4794-85BD-0FE731CF7739}"
EndProject
Project("{8BC9CEB8-8B4A-11D0-8D11-00A0C91BC942}") = "SelectClient_0", "SelectClient_0\SelectClient_0.vcxproj", "{05523520-1231-4BDC-A76A-F2135DB92950}"
EndProject
Project("{2150E333-8FDC-42A3-9474-1A3956D46DE8}") = "KGCA", "KGCA", "{101EFA17-25E5-4AFD-83E4-6DEEF6E01ED2}"
EndProject
Project("{2150E333-8FDC-42A3-9474-1A3956D46DE8}") = "5_ASyncSelect", "5_ASyncSelect", "{607FF3B4-DB0E-4D19-A17F-10E1D85FB8EE}"
EndProject
Project("{8BC9CEB8-8B4A-11D0-8D11-00A0C91BC942}") = "ASyncSelect_svr", "ASyncSelect_svr\ASyncSelect_svr.vcxproj", "{B892F1E3-7E49-4454-96EE-ED115E117532}"
EndProject
Project("{8BC9CEB8-8B4A-11D0-8D11-00A0C91BC942}") = "ASyncSelect_Client", "ASyncSelect_Client\ASyncSelect_Client.vcxproj", "{C78A5565-F3B9-430F-977E-7CE90F31E6B6}"
EndProject
Project("{8BC9CEB8-8B4A-11D0-8D11-00A0C91BC942}") = "WServerLib", "WServerLib\WServerLib.vcxproj", "{81ABEACC-5614-464D-A947-C82439E47CEA}"
EndProject
Project("{8BC9CEB8-8B4A-11D0-8D11-00A0C91BC942}") = "UDPRecv", "UDPRecv\UDPRecv.vcxproj", "{2E8781C9-6003-449E-8A69-BC68C4136B72}"
EndProject
Project("{2150E333-8FDC-42A3-9474-1A3956D46DE8}") = "열혈강의", "열혈강의", "{41E5DD4E-2ECB-471E-B124-1A50EFC0E592}"
EndProject
Project("{8BC9CEB8-8B4A-11D0-8D11-00A0C91BC942}") = "WSAEvent_0", "WSAEvent_0\WSAEvent_0.vcxproj", "{5745EE49-DE4A-45DE-9B5A-A0E09F4AE926}"
EndProject
Project("{8BC9CEB8-8B4A-11D0-8D11-00A0C91BC942}") = "RTTI", "RTTI\RTTI.vcxproj", "{CB939909-A203-4F30-9F47-CFFE3C42A73B}"
EndProject
Project("{8BC9CEB8-8B4A-11D0-8D11-00A0C91BC942}") = "RTTI_1", "RTTI_1\RTTI_1.vcxproj", "{674B2C83-3A8C-46E5-A644-1B7CD5460FEE}"
EndProject
Project("{8BC9CEB8-8B4A-11D0-8D11-00A0C91BC942}") = "IOCP_0", "IOCP_0\IOCP_0.vcxproj", "{2291C459-0CDE-4721-AE2E-3CA0D5F7CC18}"
EndProject
Project("{8BC9CEB8-8B4A-11D0-8D11-00A0C91BC942}") = "ServerSample_0", "ServerSample_0\ServerSample_0.vcxproj", "{46F0CB79-62AC-442E-945F-BBDF60DA9FCB}"
EndProject
Project("{2150E333-8FDC-42A3-9474-1A3956D46DE8}") = "TCP_IP_Book", "TCP_IP_Book", "{B5B6BF2B-E927-4376-8163-16EA103DF842}"
EndProject
Project("{8BC9CEB8-8B4A-11D0-8D11-00A0C91BC942}") = "InitWinsock_0", "InitWinsock_0\InitWinsock_0.vcxproj", "{9AC56A9A-A7AC-49C5-ABE8-E614BF069096}"
EndProject
Project("{8BC9CEB8-8B4A-11D0-8D11-00A0C91BC942}") = "InitWinsock_win32_0", "InitWinsock_win32_0\InitWinsock_win32_0.vcxproj", "{332D9478-278C-44DC-A0DD-800CFC67F20D}"
EndProject
Project("{8BC9CEB8-8B4A-11D0-8D11-00A0C91BC942}") = "InitWinsock_Client_0", "InitWinsock_Client_0\InitWinsock_Client_0.vcxproj", "{454BAE0C-4EF7-48C1-86FD-1BC81C94396F}"
EndProject
Project("{8BC9CEB8-8B4A-11D0-8D11-00A0C91BC942}") = "ClientExe", "ClientExe\ClientExe.vcxproj", "{518A7A3D-C4B9-4B9F-AC62-3FCB9FC4A176}"
EndProject
Project("{8BC9CEB8-8B4A-11D0-8D11-00A0C91BC942}") = "SvrExe", "SvrExe\SvrExe.vcxproj", "{BA546718-6EBE-4C8F-B292-7C37301BDAAE}"
EndProject
Project("{8BC9CEB8-8B4A-11D0-8D11-00A0C91BC942}") = "TBasisSvr_1", "TBasisSvr_1\TBasisSvr_1.vcxproj", "{F024AF47-5DDD-4377-929F-9EFD3C94E6BD}"
EndProject
Project("{2150E333-8FDC-42A3-9474-1A3956D46DE8}") = "Dx", "Dx", "{5894C119-DFCF-46D1-A495-B812FE60CFF4}"
EndProject
Project("{2150E333-8FDC-42A3-9474-1A3956D46DE8}") = "2D", "2D", "{B11E9EBF-2B8B-47D6-BAC8-9807FA2F1CCF}"
EndProject
Project("{2150E333-8FDC-42A3-9474-1A3956D46DE8}") = "Server", "Server", "{54C923B4-0309-4182-8C88-290773A74F4D}"
EndProject
Project("{8BC9CEB8-8B4A-11D0-8D11-00A0C91BC942}") = "SampleDx_Test0", "SampleDx_Test0\SampleDx_Test0.vcxproj", "{45624FAB-0E8C-42FF-BAD6-2BC13B0A50A4}"
	ProjectSection(ProjectDependencies) = postProject
		{6B1E6A50-F5FB-4DB6-ABDF-5644B70EC4CC} = {6B1E6A50-F5FB-4DB6-ABDF-5644B70EC4CC}
	EndProjectSection
EndProject
Project("{8BC9CEB8-8B4A-11D0-8D11-00A0C91BC942}") = "0_TCoreLib", "0_TCoreLib\TCoreLib.vcxproj", "{6B1E6A50-F5FB-4DB6-ABDF-5644B70EC4CC}"
EndProject
Project("{8BC9CEB8-8B4A-11D0-8D11-00A0C91BC942}") = "SampleWin", "SampleWin\SampleWin.vcxproj", "{1391B474-4423-4594-A39B-65C15FDD7B82}"
	ProjectSection(ProjectDependencies) = postProject
		{6B1E6A50-F5FB-4DB6-ABDF-5644B70EC4CC} = {6B1E6A50-F5FB-4DB6-ABDF-5644B70EC4CC}
	EndProjectSection
EndProject
Global
	GlobalSection(SolutionConfigurationPlatforms) = preSolution
		Debug|x64 = Debug|x64
		Debug|x86 = Debug|x86
		Release|x64 = Release|x64
		Release|x86 = Release|x86
	EndGlobalSection
	GlobalSection(ProjectConfigurationPlatforms) = postSolution
		{F2EA1271-A831-47E4-B657-C827765B1FF1}.Debug|x64.ActiveCfg = Debug|x64
		{F2EA1271-A831-47E4-B657-C827765B1FF1}.Debug|x64.Build.0 = Debug|x64
		{F2EA1271-A831-47E4-B657-C827765B1FF1}.Debug|x86.ActiveCfg = Debug|Win32
		{F2EA1271-A831-47E4-B657-C827765B1FF1}.Debug|x86.Build.0 = Debug|Win32
		{F2EA1271-A831-47E4-B657-C827765B1FF1}.Release|x64.ActiveCfg = Release|x64
		{F2EA1271-A831-47E4-B657-C827765B1FF1}.Release|x64.Build.0 = Release|x64
		{F2EA1271-A831-47E4-B657-C827765B1FF1}.Release|x86.ActiveCfg = Release|Win32
		{F2EA1271-A831-47E4-B657-C827765B1FF1}.Release|x86.Build.0 = Release|Win32
		{DDDFFAD9-0AF9-4DB1-B987-3E702B775DFA}.Debug|x64.ActiveCfg = Debug|x64
		{DDDFFAD9-0AF9-4DB1-B987-3E702B775DFA}.Debug|x64.Build.0 = Debug|x64
		{DDDFFAD9-0AF9-4DB1-B987-3E702B775DFA}.Debug|x86.ActiveCfg = Debug|Win32
		{DDDFFAD9-0AF9-4DB1-B987-3E702B775DFA}.Debug|x86.Build.0 = Debug|Win32
		{DDDFFAD9-0AF9-4DB1-B987-3E702B775DFA}.Release|x64.ActiveCfg = Release|x64
		{DDDFFAD9-0AF9-4DB1-B987-3E702B775DFA}.Release|x64.Build.0 = Release|x64
		{DDDFFAD9-0AF9-4DB1-B987-3E702B775DFA}.Release|x86.ActiveCfg = Release|Win32
		{DDDFFAD9-0AF9-4DB1-B987-3E702B775DFA}.Release|x86.Build.0 = Release|Win32
		{78718040-1351-4264-9C0B-B20A4D99892D}.Debug|x64.ActiveCfg = Debug|x64
		{78718040-1351-4264-9C0B-B20A4D99892D}.Debug|x64.Build.0 = Debug|x64
		{78718040-1351-4264-9C0B-B20A4D99892D}.Debug|x86.ActiveCfg = Debug|Win32
		{78718040-1351-4264-9C0B-B20A4D99892D}.Debug|x86.Build.0 = Debug|Win32
		{78718040-1351-4264-9C0B-B20A4D99892D}.Release|x64.ActiveCfg = Release|x64
		{78718040-1351-4264-9C0B-B20A4D99892D}.Release|x64.Build.0 = Release|x64
		{78718040-1351-4264-9C0B-B20A4D99892D}.Release|x86.ActiveCfg = Release|Win32
		{78718040-1351-4264-9C0B-B20A4D99892D}.Release|x86.Build.0 = Release|Win32
		{BE3B3605-6F6D-4A4F-8FAA-90A7E0426C12}.Debug|x64.ActiveCfg = Debug|x64
		{BE3B3605-6F6D-4A4F-8FAA-90A7E0426C12}.Debug|x64.Build.0 = Debug|x64
		{BE3B3605-6F6D-4A4F-8FAA-90A7E0426C12}.Debug|x86.ActiveCfg = Debug|Win32
		{BE3B3605-6F6D-4A4F-8FAA-90A7E0426C12}.Debug|x86.Build.0 = Debug|Win32
		{BE3B3605-6F6D-4A4F-8FAA-90A7E0426C12}.Release|x64.ActiveCfg = Release|x64
		{BE3B3605-6F6D-4A4F-8FAA-90A7E0426C12}.Release|x64.Build.0 = Release|x64
		{BE3B3605-6F6D-4A4F-8FAA-90A7E0426C12}.Release|x86.ActiveCfg = Release|Win32
		{BE3B3605-6F6D-4A4F-8FAA-90A7E0426C12}.Release|x86.Build.0 = Release|Win32
		{05127DC5-02AA-4921-BE3E-968E801778A5}.Debug|x64.ActiveCfg = Debug|x64
		{05127DC5-02AA-4921-BE3E-968E801778A5}.Debug|x64.Build.0 = Debug|x64
		{05127DC5-02AA-4921-BE3E-968E801778A5}.Debug|x86.ActiveCfg = Debug|Win32
		{05127DC5-02AA-4921-BE3E-968E801778A5}.Debug|x86.Build.0 = Debug|Win32
		{05127DC5-02AA-4921-BE3E-968E801778A5}.Release|x64.ActiveCfg = Release|x64
		{05127DC5-02AA-4921-BE3E-968E801778A5}.Release|x64.Build.0 = Release|x64
		{05127DC5-02AA-4921-BE3E-968E801778A5}.Release|x86.ActiveCfg = Release|Win32
		{05127DC5-02AA-4921-BE3E-968E801778A5}.Release|x86.Build.0 = Release|Win32
		{6F34B66C-581B-4A43-A522-9183CD41E1D0}.Debug|x64.ActiveCfg = Debug|x64
		{6F34B66C-581B-4A43-A522-9183CD41E1D0}.Debug|x64.Build.0 = Debug|x64
		{6F34B66C-581B-4A43-A522-9183CD41E1D0}.Debug|x86.ActiveCfg = Debug|Win32
		{6F34B66C-581B-4A43-A522-9183CD41E1D0}.Debug|x86.Build.0 = Debug|Win32
		{6F34B66C-581B-4A43-A522-9183CD41E1D0}.Release|x64.ActiveCfg = Release|x64
		{6F34B66C-581B-4A43-A522-9183CD41E1D0}.Release|x64.Build.0 = Release|x64
		{6F34B66C-581B-4A43-A522-9183CD41E1D0}.Release|x86.ActiveCfg = Release|Win32
		{6F34B66C-581B-4A43-A522-9183CD41E1D0}.Release|x86.Build.0 = Release|Win32
		{A5265C21-8E8C-447C-8F69-E0962F40A2D7}.Debug|x64.ActiveCfg = Debug|x64
		{A5265C21-8E8C-447C-8F69-E0962F40A2D7}.Debug|x64.Build.0 = Debug|x64
		{A5265C21-8E8C-447C-8F69-E0962F40A2D7}.Debug|x86.ActiveCfg = Debug|Win32
		{A5265C21-8E8C-447C-8F69-E0962F40A2D7}.Debug|x86.Build.0 = Debug|Win32
		{A5265C21-8E8C-447C-8F69-E0962F40A2D7}.Release|x64.ActiveCfg = Release|x64
		{A5265C21-8E8C-447C-8F69-E0962F40A2D7}.Release|x64.Build.0 = Release|x64
		{A5265C21-8E8C-447C-8F69-E0962F40A2D7}.Release|x86.ActiveCfg = Release|Win32
		{A5265C21-8E8C-447C-8F69-E0962F40A2D7}.Release|x86.Build.0 = Release|Win32
		{A3A4C3C0-D2A4-451C-B928-BBFC141D8C88}.Debug|x64.ActiveCfg = Debug|x64
		{A3A4C3C0-D2A4-451C-B928-BBFC141D8C88}.Debug|x64.Build.0 = Debug|x64
		{A3A4C3C0-D2A4-451C-B928-BBFC141D8C88}.Debug|x86.ActiveCfg = Debug|Win32
		{A3A4C3C0-D2A4-451C-B928-BBFC141D8C88}.Debug|x86.Build.0 = Debug|Win32
		{A3A4C3C0-D2A4-451C-B928-BBFC141D8C88}.Release|x64.ActiveCfg = Release|x64
		{A3A4C3C0-D2A4-451C-B928-BBFC141D8C88}.Release|x64.Build.0 = Release|x64
		{A3A4C3C0-D2A4-451C-B928-BBFC141D8C88}.Release|x86.ActiveCfg = Release|Win32
		{A3A4C3C0-D2A4-451C-B928-BBFC141D8C88}.Release|x86.Build.0 = Release|Win32
		{77B9C9B9-E6F5-4E31-B060-2DB998D0EE7F}.Debug|x64.ActiveCfg = Debug|x64
		{77B9C9B9-E6F5-4E31-B060-2DB998D0EE7F}.Debug|x64.Build.0 = Debug|x64
		{77B9C9B9-E6F5-4E31-B060-2DB998D0EE7F}.Debug|x86.ActiveCfg = Debug|Win32
		{77B9C9B9-E6F5-4E31-B060-2DB998D0EE7F}.Debug|x86.Build.0 = Debug|Win32
		{77B9C9B9-E6F5-4E31-B060-2DB998D0EE7F}.Release|x64.ActiveCfg = Release|x64
		{77B9C9B9-E6F5-4E31-B060-2DB998D0EE7F}.Release|x64.Build.0 = Release|x64
		{77B9C9B9-E6F5-4E31-B060-2DB998D0EE7F}.Release|x86.ActiveCfg = Release|Win32
		{77B9C9B9-E6F5-4E31-B060-2DB998D0EE7F}.Release|x86.Build.0 = Release|Win32
		{6D0AE9EF-FA87-4BFD-A982-9DE5558E8944}.Debug|x64.ActiveCfg = Debug|x64
		{6D0AE9EF-FA87-4BFD-A982-9DE5558E8944}.Debug|x64.Build.0 = Debug|x64
		{6D0AE9EF-FA87-4BFD-A982-9DE5558E8944}.Debug|x86.ActiveCfg = Debug|Win32
		{6D0AE9EF-FA87-4BFD-A982-9DE5558E8944}.Debug|x86.Build.0 = Debug|Win32
		{6D0AE9EF-FA87-4BFD-A982-9DE5558E8944}.Release|x64.ActiveCfg = Release|x64
		{6D0AE9EF-FA87-4BFD-A982-9DE5558E8944}.Release|x64.Build.0 = Release|x64
		{6D0AE9EF-FA87-4BFD-A982-9DE5558E8944}.Release|x86.ActiveCfg = Release|Win32
		{6D0AE9EF-FA87-4BFD-A982-9DE5558E8944}.Release|x86.Build.0 = Release|Win32
		{CB9C92CC-DD3F-4714-8A14-48EF942377AF}.Debug|x64.ActiveCfg = Debug|x64
		{CB9C92CC-DD3F-4714-8A14-48EF942377AF}.Debug|x64.Build.0 = Debug|x64
		{CB9C92CC-DD3F-4714-8A14-48EF942377AF}.Debug|x86.ActiveCfg = Debug|Win32
		{CB9C92CC-DD3F-4714-8A14-48EF942377AF}.Debug|x86.Build.0 = Debug|Win32
		{CB9C92CC-DD3F-4714-8A14-48EF942377AF}.Release|x64.ActiveCfg = Release|x64
		{CB9C92CC-DD3F-4714-8A14-48EF942377AF}.Release|x64.Build.0 = Release|x64
		{CB9C92CC-DD3F-4714-8A14-48EF942377AF}.Release|x86.ActiveCfg = Release|Win32
		{CB9C92CC-DD3F-4714-8A14-48EF942377AF}.Release|x86.Build.0 = Release|Win32
		{92CBE78A-1CE4-44B2-8ABE-AFEA86E78C32}.Debug|x64.ActiveCfg = Debug|x64
		{92CBE78A-1CE4-44B2-8ABE-AFEA86E78C32}.Debug|x64.Build.0 = Debug|x64
		{92CBE78A-1CE4-44B2-8ABE-AFEA86E78C32}.Debug|x86.ActiveCfg = Debug|Win32
		{92CBE78A-1CE4-44B2-8ABE-AFEA86E78C32}.Debug|x86.Build.0 = Debug|Win32
		{92CBE78A-1CE4-44B2-8ABE-AFEA86E78C32}.Release|x64.ActiveCfg = Release|x64
		{92CBE78A-1CE4-44B2-8ABE-AFEA86E78C32}.Release|x64.Build.0 = Release|x64
		{92CBE78A-1CE4-44B2-8ABE-AFEA86E78C32}.Release|x86.ActiveCfg = Release|Win32
		{92CBE78A-1CE4-44B2-8ABE-AFEA86E78C32}.Release|x86.Build.0 = Release|Win32
		{94DB700F-8BDB-43C2-81FD-2AED7509A97B}.Debug|x64.ActiveCfg = Debug|x64
		{94DB700F-8BDB-43C2-81FD-2AED7509A97B}.Debug|x64.Build.0 = Debug|x64
		{94DB700F-8BDB-43C2-81FD-2AED7509A97B}.Debug|x86.ActiveCfg = Debug|Win32
		{94DB700F-8BDB-43C2-81FD-2AED7509A97B}.Debug|x86.Build.0 = Debug|Win32
		{94DB700F-8BDB-43C2-81FD-2AED7509A97B}.Release|x64.ActiveCfg = Release|x64
		{94DB700F-8BDB-43C2-81FD-2AED7509A97B}.Release|x64.Build.0 = Release|x64
		{94DB700F-8BDB-43C2-81FD-2AED7509A97B}.Release|x86.ActiveCfg = Release|Win32
		{94DB700F-8BDB-43C2-81FD-2AED7509A97B}.Release|x86.Build.0 = Release|Win32
		{30D3BCCA-A00F-4982-99D8-3E5DD7F159BA}.Debug|x64.ActiveCfg = Debug|x64
		{30D3BCCA-A00F-4982-99D8-3E5DD7F159BA}.Debug|x64.Build.0 = Debug|x64
		{30D3BCCA-A00F-4982-99D8-3E5DD7F159BA}.Debug|x86.ActiveCfg = Debug|Win32
		{30D3BCCA-A00F-4982-99D8-3E5DD7F159BA}.Debug|x86.Build.0 = Debug|Win32
		{30D3BCCA-A00F-4982-99D8-3E5DD7F159BA}.Release|x64.ActiveCfg = Release|x64
		{30D3BCCA-A00F-4982-99D8-3E5DD7F159BA}.Release|x64.Build.0 = Release|x64
		{30D3BCCA-A00F-4982-99D8-3E5DD7F159BA}.Release|x86.ActiveCfg = Release|Win32
		{30D3BCCA-A00F-4982-99D8-3E5DD7F159BA}.Release|x86.Build.0 = Release|Win32
		{F9B22460-65A7-4794-85BD-0FE731CF7739}.Debug|x64.ActiveCfg = Debug|x64
		{F9B22460-65A7-4794-85BD-0FE731CF7739}.Debug|x64.Build.0 = Debug|x64
		{F9B22460-65A7-4794-85BD-0FE731CF7739}.Debug|x86.ActiveCfg = Debug|Win32
		{F9B22460-65A7-4794-85BD-0FE731CF7739}.Debug|x86.Build.0 = Debug|Win32
		{F9B22460-65A7-4794-85BD-0FE731CF7739}.Release|x64.ActiveCfg = Release|x64
		{F9B22460-65A7-4794-85BD-0FE731CF7739}.Release|x64.Build.0 = Release|x64
		{F9B22460-65A7-4794-85BD-0FE731CF7739}.Release|x86.ActiveCfg = Release|Win32
		{F9B22460-65A7-4794-85BD-0FE731CF7739}.Release|x86.Build.0 = Release|Win32
		{05523520-1231-4BDC-A76A-F2135DB92950}.Debug|x64.ActiveCfg = Debug|x64
		{05523520-1231-4BDC-A76A-F2135DB92950}.Debug|x64.Build.0 = Debug|x64
		{05523520-1231-4BDC-A76A-F2135DB92950}.Debug|x86.ActiveCfg = Debug|Win32
		{05523520-1231-4BDC-A76A-F2135DB92950}.Debug|x86.Build.0 = Debug|Win32
		{05523520-1231-4BDC-A76A-F2135DB92950}.Release|x64.ActiveCfg = Release|x64
		{05523520-1231-4BDC-A76A-F2135DB92950}.Release|x64.Build.0 = Release|x64
		{05523520-1231-4BDC-A76A-F2135DB92950}.Release|x86.ActiveCfg = Release|Win32
		{05523520-1231-4BDC-A76A-F2135DB92950}.Release|x86.Build.0 = Release|Win32
		{B892F1E3-7E49-4454-96EE-ED115E117532}.Debug|x64.ActiveCfg = Debug|x64
		{B892F1E3-7E49-4454-96EE-ED115E117532}.Debug|x64.Build.0 = Debug|x64
		{B892F1E3-7E49-4454-96EE-ED115E117532}.Debug|x86.ActiveCfg = Debug|Win32
		{B892F1E3-7E49-4454-96EE-ED115E117532}.Debug|x86.Build.0 = Debug|Win32
		{B892F1E3-7E49-4454-96EE-ED115E117532}.Release|x64.ActiveCfg = Release|x64
		{B892F1E3-7E49-4454-96EE-ED115E117532}.Release|x64.Build.0 = Release|x64
		{B892F1E3-7E49-4454-96EE-ED115E117532}.Release|x86.ActiveCfg = Release|Win32
		{B892F1E3-7E49-4454-96EE-ED115E117532}.Release|x86.Build.0 = Release|Win32
		{C78A5565-F3B9-430F-977E-7CE90F31E6B6}.Debug|x64.ActiveCfg = Debug|x64
		{C78A5565-F3B9-430F-977E-7CE90F31E6B6}.Debug|x64.Build.0 = Debug|x64
		{C78A5565-F3B9-430F-977E-7CE90F31E6B6}.Debug|x86.ActiveCfg = Debug|Win32
		{C78A5565-F3B9-430F-977E-7CE90F31E6B6}.Debug|x86.Build.0 = Debug|Win32
		{C78A5565-F3B9-430F-977E-7CE90F31E6B6}.Release|x64.ActiveCfg = Release|x64
		{C78A5565-F3B9-430F-977E-7CE90F31E6B6}.Release|x64.Build.0 = Release|x64
		{C78A5565-F3B9-430F-977E-7CE90F31E6B6}.Release|x86.ActiveCfg = Release|Win32
		{C78A5565-F3B9-430F-977E-7CE90F31E6B6}.Release|x86.Build.0 = Release|Win32
		{81ABEACC-5614-464D-A947-C82439E47CEA}.Debug|x64.ActiveCfg = Debug|x64
		{81ABEACC-5614-464D-A947-C82439E47CEA}.Debug|x64.Build.0 = Debug|x64
		{81ABEACC-5614-464D-A947-C82439E47CEA}.Debug|x86.ActiveCfg = Debug|Win32
		{81ABEACC-5614-464D-A947-C82439E47CEA}.Debug|x86.Build.0 = Debug|Win32
		{81ABEACC-5614-464D-A947-C82439E47CEA}.Release|x64.ActiveCfg = Release|x64
		{81ABEACC-5614-464D-A947-C82439E47CEA}.Release|x64.Build.0 = Release|x64
		{81ABEACC-5614-464D-A947-C82439E47CEA}.Release|x86.ActiveCfg = Release|Win32
		{81ABEACC-5614-464D-A947-C82439E47CEA}.Release|x86.Build.0 = Release|Win32
		{2E8781C9-6003-449E-8A69-BC68C4136B72}.Debug|x64.ActiveCfg = Debug|x64
		{2E8781C9-6003-449E-8A69-BC68C4136B72}.Debug|x64.Build.0 = Debug|x64
		{2E8781C9-6003-449E-8A69-BC68C4136B72}.Debug|x86.ActiveCfg = Debug|Win32
		{2E8781C9-6003-449E-8A69-BC68C4136B72}.Debug|x86.Build.0 = Debug|Win32
		{2E8781C9-6003-449E-8A69-BC68C4136B72}.Release|x64.ActiveCfg = Release|x64
		{2E8781C9-6003-449E-8A69-BC68C4136B72}.Release|x64.Build.0 = Release|x64
		{2E8781C9-6003-449E-8A69-BC68C4136B72}.Release|x86.ActiveCfg = Release|Win32
		{2E8781C9-6003-449E-8A69-BC68C4136B72}.Release|x86.Build.0 = Release|Win32
		{5745EE49-DE4A-45DE-9B5A-A0E09F4AE926}.Debug|x64.ActiveCfg = Debug|x64
		{5745EE49-DE4A-45DE-9B5A-A0E09F4AE926}.Debug|x64.Build.0 = Debug|x64
		{5745EE49-DE4A-45DE-9B5A-A0E09F4AE926}.Debug|x86.ActiveCfg = Debug|Win32
		{5745EE49-DE4A-45DE-9B5A-A0E09F4AE926}.Debug|x86.Build.0 = Debug|Win32
		{5745EE49-DE4A-45DE-9B5A-A0E09F4AE926}.Release|x64.ActiveCfg = Release|x64
		{5745EE49-DE4A-45DE-9B5A-A0E09F4AE926}.Release|x64.Build.0 = Release|x64
		{5745EE49-DE4A-45DE-9B5A-A0E09F4AE926}.Release|x86.ActiveCfg = Release|Win32
		{5745EE49-DE4A-45DE-9B5A-A0E09F4AE926}.Release|x86.Build.0 = Release|Win32
		{CB939909-A203-4F30-9F47-CFFE3C42A73B}.Debug|x64.ActiveCfg = Debug|x64
		{CB939909-A203-4F30-9F47-CFFE3C42A73B}.Debug|x64.Build.0 = Debug|x64
		{CB939909-A203-4F30-9F47-CFFE3C42A73B}.Debug|x86.ActiveCfg = Debug|Win32
		{CB939909-A203-4F30-9F47-CFFE3C42A73B}.Debug|x86.Build.0 = Debug|Win32
		{CB939909-A203-4F30-9F47-CFFE3C42A73B}.Release|x64.ActiveCfg = Release|x64
		{CB939909-A203-4F30-9F47-CFFE3C42A73B}.Release|x64.Build.0 = Release|x64
		{CB939909-A203-4F30-9F47-CFFE3C42A73B}.Release|x86.ActiveCfg = Release|Win32
		{CB939909-A203-4F30-9F47-CFFE3C42A73B}.Release|x86.Build.0 = Release|Win32
		{674B2C83-3A8C-46E5-A644-1B7CD5460FEE}.Debug|x64.ActiveCfg = Debug|x64
		{674B2C83-3A8C-46E5-A644-1B7CD5460FEE}.Debug|x64.Build.0 = Debug|x64
		{674B2C83-3A8C-46E5-A644-1B7CD5460FEE}.Debug|x86.ActiveCfg = Debug|Win32
		{674B2C83-3A8C-46E5-A644-1B7CD5460FEE}.Debug|x86.Build.0 = Debug|Win32
		{674B2C83-3A8C-46E5-A644-1B7CD5460FEE}.Release|x64.ActiveCfg = Release|x64
		{674B2C83-3A8C-46E5-A644-1B7CD5460FEE}.Release|x64.Build.0 = Release|x64
		{674B2C83-3A8C-46E5-A644-1B7CD5460FEE}.Release|x86.ActiveCfg = Release|Win32
		{674B2C83-3A8C-46E5-A644-1B7CD5460FEE}.Release|x86.Build.0 = Release|Win32
		{2291C459-0CDE-4721-AE2E-3CA0D5F7CC18}.Debug|x64.ActiveCfg = Debug|x64
		{2291C459-0CDE-4721-AE2E-3CA0D5F7CC18}.Debug|x64.Build.0 = Debug|x64
		{2291C459-0CDE-4721-AE2E-3CA0D5F7CC18}.Debug|x86.ActiveCfg = Debug|Win32
		{2291C459-0CDE-4721-AE2E-3CA0D5F7CC18}.Debug|x86.Build.0 = Debug|Win32
		{2291C459-0CDE-4721-AE2E-3CA0D5F7CC18}.Release|x64.ActiveCfg = Release|x64
		{2291C459-0CDE-4721-AE2E-3CA0D5F7CC18}.Release|x64.Build.0 = Release|x64
		{2291C459-0CDE-4721-AE2E-3CA0D5F7CC18}.Release|x86.ActiveCfg = Release|Win32
		{2291C459-0CDE-4721-AE2E-3CA0D5F7CC18}.Release|x86.Build.0 = Release|Win32
		{46F0CB79-62AC-442E-945F-BBDF60DA9FCB}.Debug|x64.ActiveCfg = Debug|x64
		{46F0CB79-62AC-442E-945F-BBDF60DA9FCB}.Debug|x64.Build.0 = Debug|x64
		{46F0CB79-62AC-442E-945F-BBDF60DA9FCB}.Debug|x86.ActiveCfg = Debug|Win32
		{46F0CB79-62AC-442E-945F-BBDF60DA9FCB}.Debug|x86.Build.0 = Debug|Win32
		{46F0CB79-62AC-442E-945F-BBDF60DA9FCB}.Release|x64.ActiveCfg = Release|x64
		{46F0CB79-62AC-442E-945F-BBDF60DA9FCB}.Release|x64.Build.0 = Release|x64
		{46F0CB79-62AC-442E-945F-BBDF60DA9FCB}.Release|x86.ActiveCfg = Release|Win32
		{46F0CB79-62AC-442E-945F-BBDF60DA9FCB}.Release|x86.Build.0 = Release|Win32
		{9AC56A9A-A7AC-49C5-ABE8-E614BF069096}.Debug|x64.ActiveCfg = Debug|x64
		{9AC56A9A-A7AC-49C5-ABE8-E614BF069096}.Debug|x64.Build.0 = Debug|x64
		{9AC56A9A-A7AC-49C5-ABE8-E614BF069096}.Debug|x86.ActiveCfg = Debug|Win32
		{9AC56A9A-A7AC-49C5-ABE8-E614BF069096}.Debug|x86.Build.0 = Debug|Win32
		{9AC56A9A-A7AC-49C5-ABE8-E614BF069096}.Release|x64.ActiveCfg = Release|x64
		{9AC56A9A-A7AC-49C5-ABE8-E614BF069096}.Release|x64.Build.0 = Release|x64
		{9AC56A9A-A7AC-49C5-ABE8-E614BF069096}.Release|x86.ActiveCfg = Release|Win32
		{9AC56A9A-A7AC-49C5-ABE8-E614BF069096}.Release|x86.Build.0 = Release|Win32
		{332D9478-278C-44DC-A0DD-800CFC67F20D}.Debug|x64.ActiveCfg = Debug|x64
		{332D9478-278C-44DC-A0DD-800CFC67F20D}.Debug|x64.Build.0 = Debug|x64
		{332D9478-278C-44DC-A0DD-800CFC67F20D}.Debug|x86.ActiveCfg = Debug|Win32
		{332D9478-278C-44DC-A0DD-800CFC67F20D}.Debug|x86.Build.0 = Debug|Win32
		{332D9478-278C-44DC-A0DD-800CFC67F20D}.Release|x64.ActiveCfg = Release|x64
		{332D9478-278C-44DC-A0DD-800CFC67F20D}.Release|x64.Build.0 = Release|x64
		{332D9478-278C-44DC-A0DD-800CFC67F20D}.Release|x86.ActiveCfg = Release|Win32
		{332D9478-278C-44DC-A0DD-800CFC67F20D}.Release|x86.Build.0 = Release|Win32
		{454BAE0C-4EF7-48C1-86FD-1BC81C94396F}.Debug|x64.ActiveCfg = Debug|x64
		{454BAE0C-4EF7-48C1-86FD-1BC81C94396F}.Debug|x64.Build.0 = Debug|x64
		{454BAE0C-4EF7-48C1-86FD-1BC81C94396F}.Debug|x86.ActiveCfg = Debug|Win32
		{454BAE0C-4EF7-48C1-86FD-1BC81C94396F}.Debug|x86.Build.0 = Debug|Win32
		{454BAE0C-4EF7-48C1-86FD-1BC81C94396F}.Release|x64.ActiveCfg = Release|x64
		{454BAE0C-4EF7-48C1-86FD-1BC81C94396F}.Release|x64.Build.0 = Release|x64
		{454BAE0C-4EF7-48C1-86FD-1BC81C94396F}.Release|x86.ActiveCfg = Release|Win32
		{454BAE0C-4EF7-48C1-86FD-1BC81C94396F}.Release|x86.Build.0 = Release|Win32
		{518A7A3D-C4B9-4B9F-AC62-3FCB9FC4A176}.Debug|x64.ActiveCfg = Debug|x64
		{518A7A3D-C4B9-4B9F-AC62-3FCB9FC4A176}.Debug|x64.Build.0 = Debug|x64
		{518A7A3D-C4B9-4B9F-AC62-3FCB9FC4A176}.Debug|x86.ActiveCfg = Debug|Win32
		{518A7A3D-C4B9-4B9F-AC62-3FCB9FC4A176}.Debug|x86.Build.0 = Debug|Win32
		{518A7A3D-C4B9-4B9F-AC62-3FCB9FC4A176}.Release|x64.ActiveCfg = Release|x64
		{518A7A3D-C4B9-4B9F-AC62-3FCB9FC4A176}.Release|x64.Build.0 = Release|x64
		{518A7A3D-C4B9-4B9F-AC62-3FCB9FC4A176}.Release|x86.ActiveCfg = Release|Win32
		{518A7A3D-C4B9-4B9F-AC62-3FCB9FC4A176}.Release|x86.Build.0 = Release|Win32
		{BA546718-6EBE-4C8F-B292-7C37301BDAAE}.Debug|x64.ActiveCfg = Debug|x64
		{BA546718-6EBE-4C8F-B292-7C37301BDAAE}.Debug|x64.Build.0 = Debug|x64
		{BA546718-6EBE-4C8F-B292-7C37301BDAAE}.Debug|x86.ActiveCfg = Debug|Win32
		{BA546718-6EBE-4C8F-B292-7C37301BDAAE}.Debug|x86.Build.0 = Debug|Win32
		{BA546718-6EBE-4C8F-B292-7C37301BDAAE}.Release|x64.ActiveCfg = Release|x64
		{BA546718-6EBE-4C8F-B292-7C37301BDAAE}.Release|x64.Build.0 = Release|x64
		{BA546718-6EBE-4C8F-B292-7C37301BDAAE}.Release|x86.ActiveCfg = Release|Win32
		{BA546718-6EBE-4C8F-B292-7C37301BDAAE}.Release|x86.Build.0 = Release|Win32
		{F024AF47-5DDD-4377-929F-9EFD3C94E6BD}.Debug|x64.ActiveCfg = Debug|x64
		{F024AF47-5DDD-4377-929F-9EFD3C94E6BD}.Debug|x64.Build.0 = Debug|x64
		{F024AF47-5DDD-4377-929F-9EFD3C94E6BD}.Debug|x86.ActiveCfg = Debug|Win32
		{F024AF47-5DDD-4377-929F-9EFD3C94E6BD}.Debug|x86.Build.0 = Debug|Win32
		{F024AF47-5DDD-4377-929F-9EFD3C94E6BD}.Release|x64.ActiveCfg = Release|x64
		{F024AF47-5DDD-4377-929F-9EFD3C94E6BD}.Release|x64.Build.0 = Release|x64
		{F024AF47-5DDD-4377-929F-9EFD3C94E6BD}.Release|x86.ActiveCfg = Release|Win32
		{F024AF47-5DDD-4377-929F-9EFD3C94E6BD}.Release|x86.Build.0 = Release|Win32
		{45624FAB-0E8C-42FF-BAD6-2BC13B0A50A4}.Debug|x64.ActiveCfg = Debug|x64
		{45624FAB-0E8C-42FF-BAD6-2BC13B0A50A4}.Debug|x64.Build.0 = Debug|x64
		{45624FAB-0E8C-42FF-BAD6-2BC13B0A50A4}.Debug|x86.ActiveCfg = Debug|Win32
		{45624FAB-0E8C-42FF-BAD6-2BC13B0A50A4}.Debug|x86.Build.0 = Debug|Win32
		{45624FAB-0E8C-42FF-BAD6-2BC13B0A50A4}.Release|x64.ActiveCfg = Release|x64
		{45624FAB-0E8C-42FF-BAD6-2BC13B0A50A4}.Release|x64.Build.0 = Release|x64
		{45624FAB-0E8C-42FF-BAD6-2BC13B0A50A4}.Release|x86.ActiveCfg = Release|Win32
		{45624FAB-0E8C-42FF-BAD6-2BC13B0A50A4}.Release|x86.Build.0 = Release|Win32
		{6B1E6A50-F5FB-4DB6-ABDF-5644B70EC4CC}.Debug|x64.ActiveCfg = Debug|x64
		{6B1E6A50-F5FB-4DB6-ABDF-5644B70EC4CC}.Debug|x64.Build.0 = Debug|x64
		{6B1E6A50-F5FB-4DB6-ABDF-5644B70EC4CC}.Debug|x86.ActiveCfg = Debug|Win32
		{6B1E6A50-F5FB-4DB6-ABDF-5644B70EC4CC}.Debug|x86.Build.0 = Debug|Win32
		{6B1E6A50-F5FB-4DB6-ABDF-5644B70EC4CC}.Release|x64.ActiveCfg = Release|x64
		{6B1E6A50-F5FB-4DB6-ABDF-5644B70EC4CC}.Release|x64.Build.0 = Release|x64
		{6B1E6A50-F5FB-4DB6-ABDF-5644B70EC4CC}.Release|x86.ActiveCfg = Release|Win32
		{6B1E6A50-F5FB-4DB6-ABDF-5644B70EC4CC}.Release|x86.Build.0 = Release|Win32
		{1391B474-4423-4594-A39B-65C15FDD7B82}.Debug|x64.ActiveCfg = Debug|x64
		{1391B474-4423-4594-A39B-65C15FDD7B82}.Debug|x64.Build.0 = Debug|x64
		{1391B474-4423-4594-A39B-65C15FDD7B82}.Debug|x86.ActiveCfg = Debug|Win32
		{1391B474-4423-4594-A39B-65C15FDD7B82}.Debug|x86.Build.0 = Debug|Win32
		{1391B474-4423-4594-A39B-65C15FDD7B82}.Release|x64.ActiveCfg = Release|x64
		{1391B474-4423-4594-A39B-65C15FDD7B82}.Release|x64.Build.0 = Release|x64
		{1391B474-4423-4594-A39B-65C15FDD7B82}.Release|x86.ActiveCfg = Release|Win32
		{1391B474-4423-4594-A39B-65C15FDD7B82}.Release|x86.Build.0 = Release|Win32
	EndGlobalSection
	GlobalSection(SolutionProperties) = preSolution
		HideSolutionNode = FALSE
	EndGlobalSection
	GlobalSection(NestedProjects) = preSolution
		{F2EA1271-A831-47E4-B657-C827765B1FF1} = {DAADC3BF-4341-46A5-B821-57E96CC30219}
		{DDDFFAD9-0AF9-4DB1-B987-3E702B775DFA} = {101EFA17-25E5-4AFD-83E4-6DEEF6E01ED2}
		{78718040-1351-4264-9C0B-B20A4D99892D} = {DAADC3BF-4341-46A5-B821-57E96CC30219}
		{BE3B3605-6F6D-4A4F-8FAA-90A7E0426C12} = {DAADC3BF-4341-46A5-B821-57E96CC30219}
		{05127DC5-02AA-4921-BE3E-968E801778A5} = {DAADC3BF-4341-46A5-B821-57E96CC30219}
		{6F34B66C-581B-4A43-A522-9183CD41E1D0} = {B11E9EBF-2B8B-47D6-BAC8-9807FA2F1CCF}
		{DAADC3BF-4341-46A5-B821-57E96CC30219} = {101EFA17-25E5-4AFD-83E4-6DEEF6E01ED2}
		{3E210718-7387-476A-B4BB-58D8C641BD3F} = {101EFA17-25E5-4AFD-83E4-6DEEF6E01ED2}
		{A5265C21-8E8C-447C-8F69-E0962F40A2D7} = {CAE23E2A-960D-4427-84A7-32167E8BDD41}
		{A3A4C3C0-D2A4-451C-B928-BBFC141D8C88} = {CAE23E2A-960D-4427-84A7-32167E8BDD41}
		{CAE23E2A-960D-4427-84A7-32167E8BDD41} = {3E210718-7387-476A-B4BB-58D8C641BD3F}
		{8152B57D-7812-4BA0-96B9-9217567C0B6F} = {3E210718-7387-476A-B4BB-58D8C641BD3F}
		{77B9C9B9-E6F5-4E31-B060-2DB998D0EE7F} = {8152B57D-7812-4BA0-96B9-9217567C0B6F}
		{6D0AE9EF-FA87-4BFD-A982-9DE5558E8944} = {8152B57D-7812-4BA0-96B9-9217567C0B6F}
		{CB9C92CC-DD3F-4714-8A14-48EF942377AF} = {8152B57D-7812-4BA0-96B9-9217567C0B6F}
		{3228D435-BF1D-4FDB-B38E-7D8273865D82} = {101EFA17-25E5-4AFD-83E4-6DEEF6E01ED2}
		{92CBE78A-1CE4-44B2-8ABE-AFEA86E78C32} = {3228D435-BF1D-4FDB-B38E-7D8273865D82}
		{650479D1-55D7-4CE6-A7E4-924D5D61571E} = {3E210718-7387-476A-B4BB-58D8C641BD3F}
		{94DB700F-8BDB-43C2-81FD-2AED7509A97B} = {650479D1-55D7-4CE6-A7E4-924D5D61571E}
		{30D3BCCA-A00F-4982-99D8-3E5DD7F159BA} = {650479D1-55D7-4CE6-A7E4-924D5D61571E}
		{77A6C693-9596-492F-8C0E-9E0E4AAEAFE6} = {3E210718-7387-476A-B4BB-58D8C641BD3F}
		{F9B22460-65A7-4794-85BD-0FE731CF7739} = {77A6C693-9596-492F-8C0E-9E0E4AAEAFE6}
		{05523520-1231-4BDC-A76A-F2135DB92950} = {77A6C693-9596-492F-8C0E-9E0E4AAEAFE6}
		{607FF3B4-DB0E-4D19-A17F-10E1D85FB8EE} = {3E210718-7387-476A-B4BB-58D8C641BD3F}
		{B892F1E3-7E49-4454-96EE-ED115E117532} = {607FF3B4-DB0E-4D19-A17F-10E1D85FB8EE}
		{C78A5565-F3B9-430F-977E-7CE90F31E6B6} = {607FF3B4-DB0E-4D19-A17F-10E1D85FB8EE}
		{81ABEACC-5614-464D-A947-C82439E47CEA} = {3E210718-7387-476A-B4BB-58D8C641BD3F}
		{2E8781C9-6003-449E-8A69-BC68C4136B72} = {3E210718-7387-476A-B4BB-58D8C641BD3F}
		{5745EE49-DE4A-45DE-9B5A-A0E09F4AE926} = {41E5DD4E-2ECB-471E-B124-1A50EFC0E592}
		{CB939909-A203-4F30-9F47-CFFE3C42A73B} = {3E210718-7387-476A-B4BB-58D8C641BD3F}
		{674B2C83-3A8C-46E5-A644-1B7CD5460FEE} = {3E210718-7387-476A-B4BB-58D8C641BD3F}
		{2291C459-0CDE-4721-AE2E-3CA0D5F7CC18} = {41E5DD4E-2ECB-471E-B124-1A50EFC0E592}
		{9AC56A9A-A7AC-49C5-ABE8-E614BF069096} = {B5B6BF2B-E927-4376-8163-16EA103DF842}
		{332D9478-278C-44DC-A0DD-800CFC67F20D} = {B5B6BF2B-E927-4376-8163-16EA103DF842}
		{454BAE0C-4EF7-48C1-86FD-1BC81C94396F} = {B5B6BF2B-E927-4376-8163-16EA103DF842}
		{518A7A3D-C4B9-4B9F-AC62-3FCB9FC4A176} = {54C923B4-0309-4182-8C88-290773A74F4D}
		{BA546718-6EBE-4C8F-B292-7C37301BDAAE} = {54C923B4-0309-4182-8C88-290773A74F4D}
		{F024AF47-5DDD-4377-929F-9EFD3C94E6BD} = {54C923B4-0309-4182-8C88-290773A74F4D}
		{5894C119-DFCF-46D1-A495-B812FE60CFF4} = {12C018F7-78A0-423D-B63D-0B1E8D8094E0}
		{B11E9EBF-2B8B-47D6-BAC8-9807FA2F1CCF} = {12C018F7-78A0-423D-B63D-0B1E8D8094E0}
		{54C923B4-0309-4182-8C88-290773A74F4D} = {12C018F7-78A0-423D-B63D-0B1E8D8094E0}
		{45624FAB-0E8C-42FF-BAD6-2BC13B0A50A4} = {5894C119-DFCF-46D1-A495-B812FE60CFF4}
		{6B1E6A50-F5FB-4DB6-ABDF-5644B70EC4CC} = {5894C119-DFCF-46D1-A495-B812FE60CFF4}
		{1391B474-4423-4594-A39B-65C15FDD7B82} = {5894C119-DFCF-46D1-A495-B812FE60CFF4}
	EndGlobalSection
EndGlobal
