<?xml version="1.0" encoding="utf-8"?>
<Project ToolsVersion="4.0" xmlns="http://schemas.microsoft.com/developer/msbuild/2003">
  <ItemGroup>
    <Filter Include="소스 파일">
      <UniqueIdentifier>{4FC737F1-C7A5-4376-A066-2A32D752A2FF}</UniqueIdentifier>
      <Extensions>cpp;c;cc;cxx;def;odl;idl;hpj;bat;asm;asmx</Extensions>
    </Filter>
    <Filter Include="헤더 파일">
      <UniqueIdentifier>{93995380-89BD-4b04-88EB-625FBE52EBFB}</UniqueIdentifier>
      <Extensions>h;hh;hpp;hxx;hm;inl;inc;xsd</Extensions>
    </Filter>
    <Filter Include="리소스 파일">
      <UniqueIdentifier>{67DA6AB6-F800-4c08-8B7A-83BB121AAD01}</UniqueIdentifier>
      <Extensions>rc;ico;cur;bmp;dlg;rc2;rct;bin;rgs;gif;jpg;jpeg;jpe;resx;tiff;tif;png;wav;mfcribbon-ms</Extensions>
    </Filter>
    <Filter Include="Game">
      <UniqueIdentifier>{3779c343-86c9-40ad-a0ff-c771a4cf7088}</UniqueIdentifier>
    </Filter>
    <Filter Include="Game\소스 파일">
      <UniqueIdentifier>{e6ab12c2-ce73-47c5-99ef-7d734a3526ad}</UniqueIdentifier>
    </Filter>
    <Filter Include="Game\헤더 파일">
      <UniqueIdentifier>{8440ca3c-2e82-4550-ae31-afc7aaba375e}</UniqueIdentifier>
    </Filter>
  </ItemGroup>
  <ItemGroup>
    <ClCompile Include="Sample.cpp">
      <Filter>소스 파일</Filter>
    </ClCompile>
    <ClCompile Include="Select.cpp">
      <Filter>소스 파일</Filter>
    </ClCompile>
    <ClCompile Include="Network.cpp">
      <Filter>소스 파일</Filter>
    </ClCompile>
    <ClCompile Include="PacketPool.cpp">
      <Filter>소스 파일</Filter>
    </ClCompile>
    <ClCompile Include="StreamPacket.cpp">
      <Filter>소스 파일</Filter>
    </ClCompile>
    <ClCompile Include="User.cpp">
      <Filter>소스 파일</Filter>
    </ClCompile>
    <ClCompile Include="Game.cpp">
      <Filter>Game\소스 파일</Filter>
    </ClCompile>
    <ClCompile Include="Enemy.cpp">
      <Filter>Game\소스 파일</Filter>
    </ClCompile>
    <ClCompile Include="Object.cpp">
      <Filter>Game\소스 파일</Filter>
    </ClCompile>
    <ClCompile Include="Thread.cpp">
      <Filter>Game\소스 파일</Filter>
    </ClCompile>
    <ClCompile Include="Timer.cpp">
      <Filter>Game\소스 파일</Filter>
    </ClCompile>
    <ClCompile Include="Bullet.cpp">
      <Filter>Game\소스 파일</Filter>
    </ClCompile>
    <ClCompile Include="Item.cpp">
      <Filter>Game\소스 파일</Filter>
    </ClCompile>
  </ItemGroup>
  <ItemGroup>
    <ClInclude Include="Select.h">
      <Filter>헤더 파일</Filter>
    </ClInclude>
    <ClInclude Include="Network.h">
      <Filter>헤더 파일</Filter>
    </ClInclude>
    <ClInclude Include="PacketPool.h">
      <Filter>헤더 파일</Filter>
    </ClInclude>
    <ClInclude Include="Protocol.h">
      <Filter>헤더 파일</Filter>
    </ClInclude>
    <ClInclude Include="StreamPacket.h">
      <Filter>헤더 파일</Filter>
    </ClInclude>
    <ClInclude Include="User.h">
      <Filter>헤더 파일</Filter>
    </ClInclude>
    <ClInclude Include="NetStd.h">
      <Filter>헤더 파일</Filter>
    </ClInclude>
    <ClInclude Include="Game.h">
      <Filter>Game\헤더 파일</Filter>
    </ClInclude>
    <ClInclude Include="Enemy.h">
      <Filter>Game\헤더 파일</Filter>
    </ClInclude>
    <ClInclude Include="Object.h">
      <Filter>Game\헤더 파일</Filter>
    </ClInclude>
    <ClInclude Include="Std.h">
      <Filter>Game\헤더 파일</Filter>
    </ClInclude>
    <ClInclude Include="Thread.h">
      <Filter>Game\헤더 파일</Filter>
    </ClInclude>
    <ClInclude Include="Timer.h">
      <Filter>Game\헤더 파일</Filter>
    </ClInclude>
    <ClInclude Include="Bullet.h">
      <Filter>Game\헤더 파일</Filter>
    </ClInclude>
    <ClInclude Include="Item.h">
      <Filter>Game\헤더 파일</Filter>
    </ClInclude>
  </ItemGroup>
</Project>