
Microsoft Visual Studio Solution File, Format Version 12.00
# Visual Studio 14
VisualStudioVersion = 14.0.23107.0
MinimumVisualStudioVersion = 10.0.40219.1
Project("{2150E333-8FDC-42A3-9474-1A3956D46DE8}") = "Lib", "Lib", "{01169FA0-8A2B-4FA3-A5AD-0E618EC105AC}"
EndProject
Project("{8BC9CEB8-8B4A-11D0-8D11-00A0C91BC942}") = "P010_TBasisLib_0", "TBasisLib_dx_4_0\TBasisLib_0.vcxproj", "{C2320D8D-FB07-4F72-ABB9-364EDCF5EE4C}"
EndProject
Project("{2150E333-8FDC-42A3-9474-1A3956D46DE8}") = "Sample", "Sample", "{F8E16BD2-220B-494D-BD62-F6CCBA1EE2A3}"
EndProject
Project("{8BC9CEB8-8B4A-11D0-8D11-00A0C91BC942}") = "0_AseBox_0", "AseBox_0\AseBox_0.vcxproj", "{724376F0-137F-4FBB-9BB3-73F072D9AD7E}"
EndProject
Project("{8BC9CEB8-8B4A-11D0-8D11-00A0C91BC942}") = "1_AseBox_Render_0", "AseBox_Render_0\AseBox_Render_0.vcxproj", "{73EB0D25-11DE-43AE-8955-CE94988EBB64}"
EndProject
Project("{8BC9CEB8-8B4A-11D0-8D11-00A0C91BC942}") = "2_AseBox_Render_1", "AseBox_Render_1\AseBox_Render_1.vcxproj", "{30969D05-E972-47D9-B8F4-160E4E72A720}"
EndProject
Project("{8BC9CEB8-8B4A-11D0-8D11-00A0C91BC942}") = "3_AseBox_PCT_Ship_0", "AseBox_Texture_0\AseBox_Texture_0.vcxproj", "{4E45728B-5F2F-4590-B7C0-0DD1AB752E4D}"
EndProject
Project("{8BC9CEB8-8B4A-11D0-8D11-00A0C91BC942}") = "4_AseBox_PNCT_TexRender_0", "AseBox_PNCT_TexRender_0\AseBox_PNCT_TexRender_0.vcxproj", "{F27EF172-C4FC-4FBD-8223-E7D17BF1DA2F}"
EndProject
Project("{8BC9CEB8-8B4A-11D0-8D11-00A0C91BC942}") = "5_AseBox_TexRender_1", "AseBox_TexRender_1\AseBox_TexRender_1.vcxproj", "{E413ABF5-7280-4FBF-975F-14DC497DD94A}"
EndProject
Project("{8BC9CEB8-8B4A-11D0-8D11-00A0C91BC942}") = "6_Ase_SubMTL_0", "Ase_SubMTL_0\Ase_SubMTL_0.vcxproj", "{B9F2E9BB-3290-4F0D-BDC9-B11ECEF61C30}"
EndProject
Project("{8BC9CEB8-8B4A-11D0-8D11-00A0C91BC942}") = "7_Ase_SubMTL_1", "Ase_SubMTL_1\Ase_SubMTL_1.vcxproj", "{4E0DAF6C-79AE-454B-B694-96FFC2266A6A}"
EndProject
Project("{2150E333-8FDC-42A3-9474-1A3956D46DE8}") = "1_ASE", "1_ASE", "{F882E6A4-6B27-437B-BC98-021EBF8E8FB5}"
EndProject
Project("{8BC9CEB8-8B4A-11D0-8D11-00A0C91BC942}") = "8_ASE_reBuild_0", "ASE_reBuild_0\ASE_reBuild_0.vcxproj", "{F1728B29-C046-4919-AB80-8FF716692DAC}"
EndProject
Project("{8BC9CEB8-8B4A-11D0-8D11-00A0C91BC942}") = "SampleTest_win32", "SampleTest_1\SampleTest_1.vcxproj", "{317B96CC-869D-4C19-8D28-D641BC203D3F}"
EndProject
Project("{8BC9CEB8-8B4A-11D0-8D11-00A0C91BC942}") = "SampleTest_console", "SampleTest_console\SampleTest_console.vcxproj", "{887B26F3-D0AD-48EC-A285-16606E170599}"
EndProject
Project("{8BC9CEB8-8B4A-11D0-8D11-00A0C91BC942}") = "UtilMax_0", "UtilMax_0\UtilMax_0.vcxproj", "{6671F0BA-6FB8-4F35-8392-0676D05113A8}"
EndProject
Project("{2150E333-8FDC-42A3-9474-1A3956D46DE8}") = "2_Max", "2_Max", "{1F2742FC-0E84-4005-B912-CAF46CCCD515}"
EndProject
Project("{8BC9CEB8-8B4A-11D0-8D11-00A0C91BC942}") = "SampleTest_2", "SampleTest_2\SampleTest_2.vcxproj", "{02704CE2-A802-4D5A-8E6C-D146F76C7C58}"
EndProject
Project("{8BC9CEB8-8B4A-11D0-8D11-00A0C91BC942}") = "MapTool", "MapTool\MapTool.vcxproj", "{0EF2C775-D527-4A04-80A3-D54F0BE47B77}"
EndProject
Project("{8BC9CEB8-8B4A-11D0-8D11-00A0C91BC942}") = "EffectTool", "EffectTool\EffectTool.vcxproj", "{36852364-60EF-4D42-A1B8-EEDB842CFE3C}"
EndProject
Project("{8BC9CEB8-8B4A-11D0-8D11-00A0C91BC942}") = "CharacterTool", "CharacterTool\CharacterTool.vcxproj", "{ABD8D0AE-1F6B-4A4B-A532-5DEF776B6A66}"
EndProject
Project("{8BC9CEB8-8B4A-11D0-8D11-00A0C91BC942}") = "UITool", "UITool\UITool.vcxproj", "{5C565641-D144-4AD1-B206-53CB3FF76CB6}"
EndProject
Project("{8BC9CEB8-8B4A-11D0-8D11-00A0C91BC942}") = "AITool", "AITool\AITool.vcxproj", "{5693FE7A-24E5-40FC-AB14-A992985B632E}"
EndProject
Project("{2150E333-8FDC-42A3-9474-1A3956D46DE8}") = "3_Tool", "3_Tool", "{0AE29B3E-6A96-4D92-88CD-D5E6F647D841}"
EndProject
Project("{8BC9CEB8-8B4A-11D0-8D11-00A0C91BC942}") = "MFCTool", "MFCTool\MFCTool.vcxproj", "{F9ED472F-9B39-4C62-8053-A860B693862B}"
EndProject
Global
	GlobalSection(SolutionConfigurationPlatforms) = preSolution
		Debug|x64 = Debug|x64
		Debug|x86 = Debug|x86
		Hybrid|x64 = Hybrid|x64
		Hybrid|x86 = Hybrid|x86
		Release|x64 = Release|x64
		Release|x86 = Release|x86
	EndGlobalSection
	GlobalSection(ProjectConfigurationPlatforms) = postSolution
		{C2320D8D-FB07-4F72-ABB9-364EDCF5EE4C}.Debug|x64.ActiveCfg = Debug|Win32
		{C2320D8D-FB07-4F72-ABB9-364EDCF5EE4C}.Debug|x86.ActiveCfg = Debug|Win32
		{C2320D8D-FB07-4F72-ABB9-364EDCF5EE4C}.Debug|x86.Build.0 = Debug|Win32
		{C2320D8D-FB07-4F72-ABB9-364EDCF5EE4C}.Hybrid|x64.ActiveCfg = Release|Win32
		{C2320D8D-FB07-4F72-ABB9-364EDCF5EE4C}.Hybrid|x64.Build.0 = Release|Win32
		{C2320D8D-FB07-4F72-ABB9-364EDCF5EE4C}.Hybrid|x86.ActiveCfg = Release|Win32
		{C2320D8D-FB07-4F72-ABB9-364EDCF5EE4C}.Hybrid|x86.Build.0 = Release|Win32
		{C2320D8D-FB07-4F72-ABB9-364EDCF5EE4C}.Release|x64.ActiveCfg = Release|Win32
		{C2320D8D-FB07-4F72-ABB9-364EDCF5EE4C}.Release|x86.ActiveCfg = Release|Win32
		{C2320D8D-FB07-4F72-ABB9-364EDCF5EE4C}.Release|x86.Build.0 = Release|Win32
		{724376F0-137F-4FBB-9BB3-73F072D9AD7E}.Debug|x64.ActiveCfg = Debug|x64
		{724376F0-137F-4FBB-9BB3-73F072D9AD7E}.Debug|x64.Build.0 = Debug|x64
		{724376F0-137F-4FBB-9BB3-73F072D9AD7E}.Debug|x86.ActiveCfg = Debug|Win32
		{724376F0-137F-4FBB-9BB3-73F072D9AD7E}.Debug|x86.Build.0 = Debug|Win32
		{724376F0-137F-4FBB-9BB3-73F072D9AD7E}.Hybrid|x64.ActiveCfg = Release|x64
		{724376F0-137F-4FBB-9BB3-73F072D9AD7E}.Hybrid|x64.Build.0 = Release|x64
		{724376F0-137F-4FBB-9BB3-73F072D9AD7E}.Hybrid|x86.ActiveCfg = Release|Win32
		{724376F0-137F-4FBB-9BB3-73F072D9AD7E}.Hybrid|x86.Build.0 = Release|Win32
		{724376F0-137F-4FBB-9BB3-73F072D9AD7E}.Release|x64.ActiveCfg = Release|x64
		{724376F0-137F-4FBB-9BB3-73F072D9AD7E}.Release|x64.Build.0 = Release|x64
		{724376F0-137F-4FBB-9BB3-73F072D9AD7E}.Release|x86.ActiveCfg = Release|Win32
		{724376F0-137F-4FBB-9BB3-73F072D9AD7E}.Release|x86.Build.0 = Release|Win32
		{73EB0D25-11DE-43AE-8955-CE94988EBB64}.Debug|x64.ActiveCfg = Debug|x64
		{73EB0D25-11DE-43AE-8955-CE94988EBB64}.Debug|x64.Build.0 = Debug|x64
		{73EB0D25-11DE-43AE-8955-CE94988EBB64}.Debug|x86.ActiveCfg = Debug|Win32
		{73EB0D25-11DE-43AE-8955-CE94988EBB64}.Debug|x86.Build.0 = Debug|Win32
		{73EB0D25-11DE-43AE-8955-CE94988EBB64}.Hybrid|x64.ActiveCfg = Release|x64
		{73EB0D25-11DE-43AE-8955-CE94988EBB64}.Hybrid|x64.Build.0 = Release|x64
		{73EB0D25-11DE-43AE-8955-CE94988EBB64}.Hybrid|x86.ActiveCfg = Release|Win32
		{73EB0D25-11DE-43AE-8955-CE94988EBB64}.Hybrid|x86.Build.0 = Release|Win32
		{73EB0D25-11DE-43AE-8955-CE94988EBB64}.Release|x64.ActiveCfg = Release|x64
		{73EB0D25-11DE-43AE-8955-CE94988EBB64}.Release|x64.Build.0 = Release|x64
		{73EB0D25-11DE-43AE-8955-CE94988EBB64}.Release|x86.ActiveCfg = Release|Win32
		{73EB0D25-11DE-43AE-8955-CE94988EBB64}.Release|x86.Build.0 = Release|Win32
		{30969D05-E972-47D9-B8F4-160E4E72A720}.Debug|x64.ActiveCfg = Debug|x64
		{30969D05-E972-47D9-B8F4-160E4E72A720}.Debug|x64.Build.0 = Debug|x64
		{30969D05-E972-47D9-B8F4-160E4E72A720}.Debug|x86.ActiveCfg = Debug|Win32
		{30969D05-E972-47D9-B8F4-160E4E72A720}.Debug|x86.Build.0 = Debug|Win32
		{30969D05-E972-47D9-B8F4-160E4E72A720}.Hybrid|x64.ActiveCfg = Release|x64
		{30969D05-E972-47D9-B8F4-160E4E72A720}.Hybrid|x64.Build.0 = Release|x64
		{30969D05-E972-47D9-B8F4-160E4E72A720}.Hybrid|x86.ActiveCfg = Release|Win32
		{30969D05-E972-47D9-B8F4-160E4E72A720}.Hybrid|x86.Build.0 = Release|Win32
		{30969D05-E972-47D9-B8F4-160E4E72A720}.Release|x64.ActiveCfg = Release|x64
		{30969D05-E972-47D9-B8F4-160E4E72A720}.Release|x64.Build.0 = Release|x64
		{30969D05-E972-47D9-B8F4-160E4E72A720}.Release|x86.ActiveCfg = Release|Win32
		{30969D05-E972-47D9-B8F4-160E4E72A720}.Release|x86.Build.0 = Release|Win32
		{4E45728B-5F2F-4590-B7C0-0DD1AB752E4D}.Debug|x64.ActiveCfg = Debug|x64
		{4E45728B-5F2F-4590-B7C0-0DD1AB752E4D}.Debug|x64.Build.0 = Debug|x64
		{4E45728B-5F2F-4590-B7C0-0DD1AB752E4D}.Debug|x86.ActiveCfg = Debug|Win32
		{4E45728B-5F2F-4590-B7C0-0DD1AB752E4D}.Debug|x86.Build.0 = Debug|Win32
		{4E45728B-5F2F-4590-B7C0-0DD1AB752E4D}.Hybrid|x64.ActiveCfg = Release|x64
		{4E45728B-5F2F-4590-B7C0-0DD1AB752E4D}.Hybrid|x64.Build.0 = Release|x64
		{4E45728B-5F2F-4590-B7C0-0DD1AB752E4D}.Hybrid|x86.ActiveCfg = Release|Win32
		{4E45728B-5F2F-4590-B7C0-0DD1AB752E4D}.Hybrid|x86.Build.0 = Release|Win32
		{4E45728B-5F2F-4590-B7C0-0DD1AB752E4D}.Release|x64.ActiveCfg = Release|x64
		{4E45728B-5F2F-4590-B7C0-0DD1AB752E4D}.Release|x64.Build.0 = Release|x64
		{4E45728B-5F2F-4590-B7C0-0DD1AB752E4D}.Release|x86.ActiveCfg = Release|Win32
		{4E45728B-5F2F-4590-B7C0-0DD1AB752E4D}.Release|x86.Build.0 = Release|Win32
		{F27EF172-C4FC-4FBD-8223-E7D17BF1DA2F}.Debug|x64.ActiveCfg = Debug|x64
		{F27EF172-C4FC-4FBD-8223-E7D17BF1DA2F}.Debug|x64.Build.0 = Debug|x64
		{F27EF172-C4FC-4FBD-8223-E7D17BF1DA2F}.Debug|x86.ActiveCfg = Debug|Win32
		{F27EF172-C4FC-4FBD-8223-E7D17BF1DA2F}.Debug|x86.Build.0 = Debug|Win32
		{F27EF172-C4FC-4FBD-8223-E7D17BF1DA2F}.Hybrid|x64.ActiveCfg = Release|x64
		{F27EF172-C4FC-4FBD-8223-E7D17BF1DA2F}.Hybrid|x64.Build.0 = Release|x64
		{F27EF172-C4FC-4FBD-8223-E7D17BF1DA2F}.Hybrid|x86.ActiveCfg = Release|Win32
		{F27EF172-C4FC-4FBD-8223-E7D17BF1DA2F}.Hybrid|x86.Build.0 = Release|Win32
		{F27EF172-C4FC-4FBD-8223-E7D17BF1DA2F}.Release|x64.ActiveCfg = Release|x64
		{F27EF172-C4FC-4FBD-8223-E7D17BF1DA2F}.Release|x64.Build.0 = Release|x64
		{F27EF172-C4FC-4FBD-8223-E7D17BF1DA2F}.Release|x86.ActiveCfg = Release|Win32
		{F27EF172-C4FC-4FBD-8223-E7D17BF1DA2F}.Release|x86.Build.0 = Release|Win32
		{E413ABF5-7280-4FBF-975F-14DC497DD94A}.Debug|x64.ActiveCfg = Debug|x64
		{E413ABF5-7280-4FBF-975F-14DC497DD94A}.Debug|x64.Build.0 = Debug|x64
		{E413ABF5-7280-4FBF-975F-14DC497DD94A}.Debug|x86.ActiveCfg = Debug|Win32
		{E413ABF5-7280-4FBF-975F-14DC497DD94A}.Debug|x86.Build.0 = Debug|Win32
		{E413ABF5-7280-4FBF-975F-14DC497DD94A}.Hybrid|x64.ActiveCfg = Release|x64
		{E413ABF5-7280-4FBF-975F-14DC497DD94A}.Hybrid|x64.Build.0 = Release|x64
		{E413ABF5-7280-4FBF-975F-14DC497DD94A}.Hybrid|x86.ActiveCfg = Release|Win32
		{E413ABF5-7280-4FBF-975F-14DC497DD94A}.Hybrid|x86.Build.0 = Release|Win32
		{E413ABF5-7280-4FBF-975F-14DC497DD94A}.Release|x64.ActiveCfg = Release|x64
		{E413ABF5-7280-4FBF-975F-14DC497DD94A}.Release|x64.Build.0 = Release|x64
		{E413ABF5-7280-4FBF-975F-14DC497DD94A}.Release|x86.ActiveCfg = Release|Win32
		{E413ABF5-7280-4FBF-975F-14DC497DD94A}.Release|x86.Build.0 = Release|Win32
		{B9F2E9BB-3290-4F0D-BDC9-B11ECEF61C30}.Debug|x64.ActiveCfg = Debug|x64
		{B9F2E9BB-3290-4F0D-BDC9-B11ECEF61C30}.Debug|x64.Build.0 = Debug|x64
		{B9F2E9BB-3290-4F0D-BDC9-B11ECEF61C30}.Debug|x86.ActiveCfg = Debug|Win32
		{B9F2E9BB-3290-4F0D-BDC9-B11ECEF61C30}.Debug|x86.Build.0 = Debug|Win32
		{B9F2E9BB-3290-4F0D-BDC9-B11ECEF61C30}.Hybrid|x64.ActiveCfg = Release|x64
		{B9F2E9BB-3290-4F0D-BDC9-B11ECEF61C30}.Hybrid|x64.Build.0 = Release|x64
		{B9F2E9BB-3290-4F0D-BDC9-B11ECEF61C30}.Hybrid|x86.ActiveCfg = Release|Win32
		{B9F2E9BB-3290-4F0D-BDC9-B11ECEF61C30}.Hybrid|x86.Build.0 = Release|Win32
		{B9F2E9BB-3290-4F0D-BDC9-B11ECEF61C30}.Release|x64.ActiveCfg = Release|x64
		{B9F2E9BB-3290-4F0D-BDC9-B11ECEF61C30}.Release|x64.Build.0 = Release|x64
		{B9F2E9BB-3290-4F0D-BDC9-B11ECEF61C30}.Release|x86.ActiveCfg = Release|Win32
		{B9F2E9BB-3290-4F0D-BDC9-B11ECEF61C30}.Release|x86.Build.0 = Release|Win32
		{4E0DAF6C-79AE-454B-B694-96FFC2266A6A}.Debug|x64.ActiveCfg = Debug|x64
		{4E0DAF6C-79AE-454B-B694-96FFC2266A6A}.Debug|x64.Build.0 = Debug|x64
		{4E0DAF6C-79AE-454B-B694-96FFC2266A6A}.Debug|x86.ActiveCfg = Debug|Win32
		{4E0DAF6C-79AE-454B-B694-96FFC2266A6A}.Debug|x86.Build.0 = Debug|Win32
		{4E0DAF6C-79AE-454B-B694-96FFC2266A6A}.Hybrid|x64.ActiveCfg = Release|x64
		{4E0DAF6C-79AE-454B-B694-96FFC2266A6A}.Hybrid|x64.Build.0 = Release|x64
		{4E0DAF6C-79AE-454B-B694-96FFC2266A6A}.Hybrid|x86.ActiveCfg = Release|Win32
		{4E0DAF6C-79AE-454B-B694-96FFC2266A6A}.Hybrid|x86.Build.0 = Release|Win32
		{4E0DAF6C-79AE-454B-B694-96FFC2266A6A}.Release|x64.ActiveCfg = Release|x64
		{4E0DAF6C-79AE-454B-B694-96FFC2266A6A}.Release|x64.Build.0 = Release|x64
		{4E0DAF6C-79AE-454B-B694-96FFC2266A6A}.Release|x86.ActiveCfg = Release|Win32
		{4E0DAF6C-79AE-454B-B694-96FFC2266A6A}.Release|x86.Build.0 = Release|Win32
		{F1728B29-C046-4919-AB80-8FF716692DAC}.Debug|x64.ActiveCfg = Debug|x64
		{F1728B29-C046-4919-AB80-8FF716692DAC}.Debug|x64.Build.0 = Debug|x64
		{F1728B29-C046-4919-AB80-8FF716692DAC}.Debug|x86.ActiveCfg = Debug|Win32
		{F1728B29-C046-4919-AB80-8FF716692DAC}.Debug|x86.Build.0 = Debug|Win32
		{F1728B29-C046-4919-AB80-8FF716692DAC}.Hybrid|x64.ActiveCfg = Release|x64
		{F1728B29-C046-4919-AB80-8FF716692DAC}.Hybrid|x64.Build.0 = Release|x64
		{F1728B29-C046-4919-AB80-8FF716692DAC}.Hybrid|x86.ActiveCfg = Release|Win32
		{F1728B29-C046-4919-AB80-8FF716692DAC}.Hybrid|x86.Build.0 = Release|Win32
		{F1728B29-C046-4919-AB80-8FF716692DAC}.Release|x64.ActiveCfg = Release|x64
		{F1728B29-C046-4919-AB80-8FF716692DAC}.Release|x64.Build.0 = Release|x64
		{F1728B29-C046-4919-AB80-8FF716692DAC}.Release|x86.ActiveCfg = Release|Win32
		{F1728B29-C046-4919-AB80-8FF716692DAC}.Release|x86.Build.0 = Release|Win32
		{317B96CC-869D-4C19-8D28-D641BC203D3F}.Debug|x64.ActiveCfg = Debug|x64
		{317B96CC-869D-4C19-8D28-D641BC203D3F}.Debug|x64.Build.0 = Debug|x64
		{317B96CC-869D-4C19-8D28-D641BC203D3F}.Debug|x86.ActiveCfg = Debug|Win32
		{317B96CC-869D-4C19-8D28-D641BC203D3F}.Debug|x86.Build.0 = Debug|Win32
		{317B96CC-869D-4C19-8D28-D641BC203D3F}.Hybrid|x64.ActiveCfg = Release|x64
		{317B96CC-869D-4C19-8D28-D641BC203D3F}.Hybrid|x64.Build.0 = Release|x64
		{317B96CC-869D-4C19-8D28-D641BC203D3F}.Hybrid|x86.ActiveCfg = Release|Win32
		{317B96CC-869D-4C19-8D28-D641BC203D3F}.Hybrid|x86.Build.0 = Release|Win32
		{317B96CC-869D-4C19-8D28-D641BC203D3F}.Release|x64.ActiveCfg = Release|x64
		{317B96CC-869D-4C19-8D28-D641BC203D3F}.Release|x64.Build.0 = Release|x64
		{317B96CC-869D-4C19-8D28-D641BC203D3F}.Release|x86.ActiveCfg = Release|Win32
		{317B96CC-869D-4C19-8D28-D641BC203D3F}.Release|x86.Build.0 = Release|Win32
		{887B26F3-D0AD-48EC-A285-16606E170599}.Debug|x64.ActiveCfg = Debug|x64
		{887B26F3-D0AD-48EC-A285-16606E170599}.Debug|x64.Build.0 = Debug|x64
		{887B26F3-D0AD-48EC-A285-16606E170599}.Debug|x86.ActiveCfg = Debug|Win32
		{887B26F3-D0AD-48EC-A285-16606E170599}.Debug|x86.Build.0 = Debug|Win32
		{887B26F3-D0AD-48EC-A285-16606E170599}.Hybrid|x64.ActiveCfg = Release|x64
		{887B26F3-D0AD-48EC-A285-16606E170599}.Hybrid|x64.Build.0 = Release|x64
		{887B26F3-D0AD-48EC-A285-16606E170599}.Hybrid|x86.ActiveCfg = Release|Win32
		{887B26F3-D0AD-48EC-A285-16606E170599}.Hybrid|x86.Build.0 = Release|Win32
		{887B26F3-D0AD-48EC-A285-16606E170599}.Release|x64.ActiveCfg = Release|x64
		{887B26F3-D0AD-48EC-A285-16606E170599}.Release|x64.Build.0 = Release|x64
		{887B26F3-D0AD-48EC-A285-16606E170599}.Release|x86.ActiveCfg = Release|Win32
		{887B26F3-D0AD-48EC-A285-16606E170599}.Release|x86.Build.0 = Release|Win32
		{6671F0BA-6FB8-4F35-8392-0676D05113A8}.Debug|x64.ActiveCfg = Debug|x64
		{6671F0BA-6FB8-4F35-8392-0676D05113A8}.Debug|x64.Build.0 = Debug|x64
		{6671F0BA-6FB8-4F35-8392-0676D05113A8}.Debug|x86.ActiveCfg = Debug|x64
		{6671F0BA-6FB8-4F35-8392-0676D05113A8}.Hybrid|x64.ActiveCfg = Hybrid|x64
		{6671F0BA-6FB8-4F35-8392-0676D05113A8}.Hybrid|x64.Build.0 = Hybrid|x64
		{6671F0BA-6FB8-4F35-8392-0676D05113A8}.Hybrid|x86.ActiveCfg = Hybrid|x64
		{6671F0BA-6FB8-4F35-8392-0676D05113A8}.Release|x64.ActiveCfg = Release|x64
		{6671F0BA-6FB8-4F35-8392-0676D05113A8}.Release|x64.Build.0 = Release|x64
		{6671F0BA-6FB8-4F35-8392-0676D05113A8}.Release|x86.ActiveCfg = Release|x64
		{02704CE2-A802-4D5A-8E6C-D146F76C7C58}.Debug|x64.ActiveCfg = Debug|x64
		{02704CE2-A802-4D5A-8E6C-D146F76C7C58}.Debug|x64.Build.0 = Debug|x64
		{02704CE2-A802-4D5A-8E6C-D146F76C7C58}.Debug|x86.ActiveCfg = Debug|Win32
		{02704CE2-A802-4D5A-8E6C-D146F76C7C58}.Debug|x86.Build.0 = Debug|Win32
		{02704CE2-A802-4D5A-8E6C-D146F76C7C58}.Hybrid|x64.ActiveCfg = Release|x64
		{02704CE2-A802-4D5A-8E6C-D146F76C7C58}.Hybrid|x64.Build.0 = Release|x64
		{02704CE2-A802-4D5A-8E6C-D146F76C7C58}.Hybrid|x86.ActiveCfg = Release|Win32
		{02704CE2-A802-4D5A-8E6C-D146F76C7C58}.Hybrid|x86.Build.0 = Release|Win32
		{02704CE2-A802-4D5A-8E6C-D146F76C7C58}.Release|x64.ActiveCfg = Release|x64
		{02704CE2-A802-4D5A-8E6C-D146F76C7C58}.Release|x64.Build.0 = Release|x64
		{02704CE2-A802-4D5A-8E6C-D146F76C7C58}.Release|x86.ActiveCfg = Release|Win32
		{02704CE2-A802-4D5A-8E6C-D146F76C7C58}.Release|x86.Build.0 = Release|Win32
		{0EF2C775-D527-4A04-80A3-D54F0BE47B77}.Debug|x64.ActiveCfg = Debug|x64
		{0EF2C775-D527-4A04-80A3-D54F0BE47B77}.Debug|x64.Build.0 = Debug|x64
		{0EF2C775-D527-4A04-80A3-D54F0BE47B77}.Debug|x86.ActiveCfg = Debug|Win32
		{0EF2C775-D527-4A04-80A3-D54F0BE47B77}.Debug|x86.Build.0 = Debug|Win32
		{0EF2C775-D527-4A04-80A3-D54F0BE47B77}.Hybrid|x64.ActiveCfg = Release|x64
		{0EF2C775-D527-4A04-80A3-D54F0BE47B77}.Hybrid|x64.Build.0 = Release|x64
		{0EF2C775-D527-4A04-80A3-D54F0BE47B77}.Hybrid|x86.ActiveCfg = Release|Win32
		{0EF2C775-D527-4A04-80A3-D54F0BE47B77}.Hybrid|x86.Build.0 = Release|Win32
		{0EF2C775-D527-4A04-80A3-D54F0BE47B77}.Release|x64.ActiveCfg = Release|x64
		{0EF2C775-D527-4A04-80A3-D54F0BE47B77}.Release|x64.Build.0 = Release|x64
		{0EF2C775-D527-4A04-80A3-D54F0BE47B77}.Release|x86.ActiveCfg = Release|Win32
		{0EF2C775-D527-4A04-80A3-D54F0BE47B77}.Release|x86.Build.0 = Release|Win32
		{36852364-60EF-4D42-A1B8-EEDB842CFE3C}.Debug|x64.ActiveCfg = Debug|x64
		{36852364-60EF-4D42-A1B8-EEDB842CFE3C}.Debug|x64.Build.0 = Debug|x64
		{36852364-60EF-4D42-A1B8-EEDB842CFE3C}.Debug|x86.ActiveCfg = Debug|Win32
		{36852364-60EF-4D42-A1B8-EEDB842CFE3C}.Debug|x86.Build.0 = Debug|Win32
		{36852364-60EF-4D42-A1B8-EEDB842CFE3C}.Hybrid|x64.ActiveCfg = Release|x64
		{36852364-60EF-4D42-A1B8-EEDB842CFE3C}.Hybrid|x64.Build.0 = Release|x64
		{36852364-60EF-4D42-A1B8-EEDB842CFE3C}.Hybrid|x86.ActiveCfg = Release|Win32
		{36852364-60EF-4D42-A1B8-EEDB842CFE3C}.Hybrid|x86.Build.0 = Release|Win32
		{36852364-60EF-4D42-A1B8-EEDB842CFE3C}.Release|x64.ActiveCfg = Release|x64
		{36852364-60EF-4D42-A1B8-EEDB842CFE3C}.Release|x64.Build.0 = Release|x64
		{36852364-60EF-4D42-A1B8-EEDB842CFE3C}.Release|x86.ActiveCfg = Release|Win32
		{36852364-60EF-4D42-A1B8-EEDB842CFE3C}.Release|x86.Build.0 = Release|Win32
		{ABD8D0AE-1F6B-4A4B-A532-5DEF776B6A66}.Debug|x64.ActiveCfg = Debug|x64
		{ABD8D0AE-1F6B-4A4B-A532-5DEF776B6A66}.Debug|x64.Build.0 = Debug|x64
		{ABD8D0AE-1F6B-4A4B-A532-5DEF776B6A66}.Debug|x86.ActiveCfg = Debug|Win32
		{ABD8D0AE-1F6B-4A4B-A532-5DEF776B6A66}.Debug|x86.Build.0 = Debug|Win32
		{ABD8D0AE-1F6B-4A4B-A532-5DEF776B6A66}.Hybrid|x64.ActiveCfg = Release|x64
		{ABD8D0AE-1F6B-4A4B-A532-5DEF776B6A66}.Hybrid|x64.Build.0 = Release|x64
		{ABD8D0AE-1F6B-4A4B-A532-5DEF776B6A66}.Hybrid|x86.ActiveCfg = Release|Win32
		{ABD8D0AE-1F6B-4A4B-A532-5DEF776B6A66}.Hybrid|x86.Build.0 = Release|Win32
		{ABD8D0AE-1F6B-4A4B-A532-5DEF776B6A66}.Release|x64.ActiveCfg = Release|x64
		{ABD8D0AE-1F6B-4A4B-A532-5DEF776B6A66}.Release|x64.Build.0 = Release|x64
		{ABD8D0AE-1F6B-4A4B-A532-5DEF776B6A66}.Release|x86.ActiveCfg = Release|Win32
		{ABD8D0AE-1F6B-4A4B-A532-5DEF776B6A66}.Release|x86.Build.0 = Release|Win32
		{5C565641-D144-4AD1-B206-53CB3FF76CB6}.Debug|x64.ActiveCfg = Debug|x64
		{5C565641-D144-4AD1-B206-53CB3FF76CB6}.Debug|x64.Build.0 = Debug|x64
		{5C565641-D144-4AD1-B206-53CB3FF76CB6}.Debug|x86.ActiveCfg = Debug|Win32
		{5C565641-D144-4AD1-B206-53CB3FF76CB6}.Debug|x86.Build.0 = Debug|Win32
		{5C565641-D144-4AD1-B206-53CB3FF76CB6}.Hybrid|x64.ActiveCfg = Release|x64
		{5C565641-D144-4AD1-B206-53CB3FF76CB6}.Hybrid|x64.Build.0 = Release|x64
		{5C565641-D144-4AD1-B206-53CB3FF76CB6}.Hybrid|x86.ActiveCfg = Release|Win32
		{5C565641-D144-4AD1-B206-53CB3FF76CB6}.Hybrid|x86.Build.0 = Release|Win32
		{5C565641-D144-4AD1-B206-53CB3FF76CB6}.Release|x64.ActiveCfg = Release|x64
		{5C565641-D144-4AD1-B206-53CB3FF76CB6}.Release|x64.Build.0 = Release|x64
		{5C565641-D144-4AD1-B206-53CB3FF76CB6}.Release|x86.ActiveCfg = Release|Win32
		{5C565641-D144-4AD1-B206-53CB3FF76CB6}.Release|x86.Build.0 = Release|Win32
		{5693FE7A-24E5-40FC-AB14-A992985B632E}.Debug|x64.ActiveCfg = Debug|x64
		{5693FE7A-24E5-40FC-AB14-A992985B632E}.Debug|x64.Build.0 = Debug|x64
		{5693FE7A-24E5-40FC-AB14-A992985B632E}.Debug|x86.ActiveCfg = Debug|Win32
		{5693FE7A-24E5-40FC-AB14-A992985B632E}.Debug|x86.Build.0 = Debug|Win32
		{5693FE7A-24E5-40FC-AB14-A992985B632E}.Hybrid|x64.ActiveCfg = Release|x64
		{5693FE7A-24E5-40FC-AB14-A992985B632E}.Hybrid|x64.Build.0 = Release|x64
		{5693FE7A-24E5-40FC-AB14-A992985B632E}.Hybrid|x86.ActiveCfg = Release|Win32
		{5693FE7A-24E5-40FC-AB14-A992985B632E}.Hybrid|x86.Build.0 = Release|Win32
		{5693FE7A-24E5-40FC-AB14-A992985B632E}.Release|x64.ActiveCfg = Release|x64
		{5693FE7A-24E5-40FC-AB14-A992985B632E}.Release|x64.Build.0 = Release|x64
		{5693FE7A-24E5-40FC-AB14-A992985B632E}.Release|x86.ActiveCfg = Release|Win32
		{5693FE7A-24E5-40FC-AB14-A992985B632E}.Release|x86.Build.0 = Release|Win32
		{F9ED472F-9B39-4C62-8053-A860B693862B}.Debug|x64.ActiveCfg = Debug|x64
		{F9ED472F-9B39-4C62-8053-A860B693862B}.Debug|x64.Build.0 = Debug|x64
		{F9ED472F-9B39-4C62-8053-A860B693862B}.Debug|x86.ActiveCfg = Debug|Win32
		{F9ED472F-9B39-4C62-8053-A860B693862B}.Debug|x86.Build.0 = Debug|Win32
		{F9ED472F-9B39-4C62-8053-A860B693862B}.Hybrid|x64.ActiveCfg = Release|x64
		{F9ED472F-9B39-4C62-8053-A860B693862B}.Hybrid|x64.Build.0 = Release|x64
		{F9ED472F-9B39-4C62-8053-A860B693862B}.Hybrid|x86.ActiveCfg = Release|Win32
		{F9ED472F-9B39-4C62-8053-A860B693862B}.Hybrid|x86.Build.0 = Release|Win32
		{F9ED472F-9B39-4C62-8053-A860B693862B}.Release|x64.ActiveCfg = Release|x64
		{F9ED472F-9B39-4C62-8053-A860B693862B}.Release|x64.Build.0 = Release|x64
		{F9ED472F-9B39-4C62-8053-A860B693862B}.Release|x86.ActiveCfg = Release|Win32
		{F9ED472F-9B39-4C62-8053-A860B693862B}.Release|x86.Build.0 = Release|Win32
	EndGlobalSection
	GlobalSection(SolutionProperties) = preSolution
		HideSolutionNode = FALSE
	EndGlobalSection
	GlobalSection(NestedProjects) = preSolution
		{C2320D8D-FB07-4F72-ABB9-364EDCF5EE4C} = {01169FA0-8A2B-4FA3-A5AD-0E618EC105AC}
		{724376F0-137F-4FBB-9BB3-73F072D9AD7E} = {F882E6A4-6B27-437B-BC98-021EBF8E8FB5}
		{73EB0D25-11DE-43AE-8955-CE94988EBB64} = {F882E6A4-6B27-437B-BC98-021EBF8E8FB5}
		{30969D05-E972-47D9-B8F4-160E4E72A720} = {F882E6A4-6B27-437B-BC98-021EBF8E8FB5}
		{4E45728B-5F2F-4590-B7C0-0DD1AB752E4D} = {F882E6A4-6B27-437B-BC98-021EBF8E8FB5}
		{F27EF172-C4FC-4FBD-8223-E7D17BF1DA2F} = {F882E6A4-6B27-437B-BC98-021EBF8E8FB5}
		{E413ABF5-7280-4FBF-975F-14DC497DD94A} = {F882E6A4-6B27-437B-BC98-021EBF8E8FB5}
		{B9F2E9BB-3290-4F0D-BDC9-B11ECEF61C30} = {F882E6A4-6B27-437B-BC98-021EBF8E8FB5}
		{4E0DAF6C-79AE-454B-B694-96FFC2266A6A} = {F882E6A4-6B27-437B-BC98-021EBF8E8FB5}
		{F882E6A4-6B27-437B-BC98-021EBF8E8FB5} = {F8E16BD2-220B-494D-BD62-F6CCBA1EE2A3}
		{F1728B29-C046-4919-AB80-8FF716692DAC} = {F8E16BD2-220B-494D-BD62-F6CCBA1EE2A3}
		{317B96CC-869D-4C19-8D28-D641BC203D3F} = {01169FA0-8A2B-4FA3-A5AD-0E618EC105AC}
		{887B26F3-D0AD-48EC-A285-16606E170599} = {01169FA0-8A2B-4FA3-A5AD-0E618EC105AC}
		{6671F0BA-6FB8-4F35-8392-0676D05113A8} = {1F2742FC-0E84-4005-B912-CAF46CCCD515}
		{1F2742FC-0E84-4005-B912-CAF46CCCD515} = {F8E16BD2-220B-494D-BD62-F6CCBA1EE2A3}
		{02704CE2-A802-4D5A-8E6C-D146F76C7C58} = {01169FA0-8A2B-4FA3-A5AD-0E618EC105AC}
		{0EF2C775-D527-4A04-80A3-D54F0BE47B77} = {0AE29B3E-6A96-4D92-88CD-D5E6F647D841}
		{36852364-60EF-4D42-A1B8-EEDB842CFE3C} = {0AE29B3E-6A96-4D92-88CD-D5E6F647D841}
		{ABD8D0AE-1F6B-4A4B-A532-5DEF776B6A66} = {0AE29B3E-6A96-4D92-88CD-D5E6F647D841}
		{5C565641-D144-4AD1-B206-53CB3FF76CB6} = {0AE29B3E-6A96-4D92-88CD-D5E6F647D841}
		{5693FE7A-24E5-40FC-AB14-A992985B632E} = {0AE29B3E-6A96-4D92-88CD-D5E6F647D841}
		{0AE29B3E-6A96-4D92-88CD-D5E6F647D841} = {F8E16BD2-220B-494D-BD62-F6CCBA1EE2A3}
		{F9ED472F-9B39-4C62-8053-A860B693862B} = {0AE29B3E-6A96-4D92-88CD-D5E6F647D841}
	EndGlobalSection
EndGlobal
