
Microsoft Visual Studio Solution File, Format Version 12.00
# Visual Studio 14
VisualStudioVersion = 14.0.23107.0
MinimumVisualStudioVersion = 10.0.40219.1
Project("{8BC9CEB8-8B4A-11D0-8D11-00A0C91BC942}") = "Template_Stud_0", "Template_Stud_0\Template_Stud_0.vcxproj", "{CC9284E7-5B5C-4C20-A635-94D9C2274769}"
EndProject
Project("{2150E333-8FDC-42A3-9474-1A3956D46DE8}") = "1_Study", "1_Study", "{8A2566F5-D54B-4C30-85A9-A9DDCBDAC75C}"
EndProject
Project("{8BC9CEB8-8B4A-11D0-8D11-00A0C91BC942}") = "SampleWindow", "SampleWindow\SampleWindow.vcxproj", "{FA8CC48C-222A-479B-8CD6-0A088574861A}"
EndProject
Project("{2150E333-8FDC-42A3-9474-1A3956D46DE8}") = "2_Lib", "2_Lib", "{91FA7672-3A81-4BDC-A9A4-A682E92D8970}"
EndProject
Project("{8BC9CEB8-8B4A-11D0-8D11-00A0C91BC942}") = "WCoreLib", "WCore\WCore.vcxproj", "{121D18F5-FBAA-4E9B-9BA9-D0BF7B93152D}"
EndProject
Project("{8BC9CEB8-8B4A-11D0-8D11-00A0C91BC942}") = "SampleWindow_01", "SampleWindow2\SampleWindow2.vcxproj", "{D58C93E8-BCA7-4FCF-BD3C-20B5298617CB}"
	ProjectSection(ProjectDependencies) = postProject
		{121D18F5-FBAA-4E9B-9BA9-D0BF7B93152D} = {121D18F5-FBAA-4E9B-9BA9-D0BF7B93152D}
	EndProjectSection
EndProject
Project("{8BC9CEB8-8B4A-11D0-8D11-00A0C91BC942}") = "SampleWindow_02", "SampleWindow_2_1\SampleWindow_2_1.vcxproj", "{2F504115-E62F-4533-82B6-916309CB672D}"
	ProjectSection(ProjectDependencies) = postProject
		{121D18F5-FBAA-4E9B-9BA9-D0BF7B93152D} = {121D18F5-FBAA-4E9B-9BA9-D0BF7B93152D}
	EndProjectSection
EndProject
Project("{8BC9CEB8-8B4A-11D0-8D11-00A0C91BC942}") = "SampleWindow_03", "SampleWindow_3\SampleWindow_3.vcxproj", "{844DBFFC-323B-4B89-836B-2D218A244D1E}"
	ProjectSection(ProjectDependencies) = postProject
		{121D18F5-FBAA-4E9B-9BA9-D0BF7B93152D} = {121D18F5-FBAA-4E9B-9BA9-D0BF7B93152D}
	EndProjectSection
EndProject
Project("{8BC9CEB8-8B4A-11D0-8D11-00A0C91BC942}") = "SampleWindow_03_0_My", "SampleWindow_03_My\SampleWindow_03_My.vcxproj", "{5A1B368C-B792-43C1-9922-ABC73A46D571}"
	ProjectSection(ProjectDependencies) = postProject
		{121D18F5-FBAA-4E9B-9BA9-D0BF7B93152D} = {121D18F5-FBAA-4E9B-9BA9-D0BF7B93152D}
	EndProjectSection
EndProject
Project("{8BC9CEB8-8B4A-11D0-8D11-00A0C91BC942}") = "SampleWindow_03_1_MyBitmap", "Sample_03_1_MyBitmap\Sample_03_1_MyBitmap.vcxproj", "{FA179911-991A-4478-B5F2-CE0950A5F009}"
	ProjectSection(ProjectDependencies) = postProject
		{121D18F5-FBAA-4E9B-9BA9-D0BF7B93152D} = {121D18F5-FBAA-4E9B-9BA9-D0BF7B93152D}
	EndProjectSection
EndProject
Global
	GlobalSection(SolutionConfigurationPlatforms) = preSolution
		Debug|x64 = Debug|x64
		Debug|x86 = Debug|x86
		Release|x64 = Release|x64
		Release|x86 = Release|x86
	EndGlobalSection
	GlobalSection(ProjectConfigurationPlatforms) = postSolution
		{CC9284E7-5B5C-4C20-A635-94D9C2274769}.Debug|x64.ActiveCfg = Debug|x64
		{CC9284E7-5B5C-4C20-A635-94D9C2274769}.Debug|x64.Build.0 = Debug|x64
		{CC9284E7-5B5C-4C20-A635-94D9C2274769}.Debug|x86.ActiveCfg = Debug|Win32
		{CC9284E7-5B5C-4C20-A635-94D9C2274769}.Debug|x86.Build.0 = Debug|Win32
		{CC9284E7-5B5C-4C20-A635-94D9C2274769}.Release|x64.ActiveCfg = Release|x64
		{CC9284E7-5B5C-4C20-A635-94D9C2274769}.Release|x64.Build.0 = Release|x64
		{CC9284E7-5B5C-4C20-A635-94D9C2274769}.Release|x86.ActiveCfg = Release|Win32
		{CC9284E7-5B5C-4C20-A635-94D9C2274769}.Release|x86.Build.0 = Release|Win32
		{FA8CC48C-222A-479B-8CD6-0A088574861A}.Debug|x64.ActiveCfg = Debug|x64
		{FA8CC48C-222A-479B-8CD6-0A088574861A}.Debug|x64.Build.0 = Debug|x64
		{FA8CC48C-222A-479B-8CD6-0A088574861A}.Debug|x86.ActiveCfg = Debug|Win32
		{FA8CC48C-222A-479B-8CD6-0A088574861A}.Debug|x86.Build.0 = Debug|Win32
		{FA8CC48C-222A-479B-8CD6-0A088574861A}.Release|x64.ActiveCfg = Release|x64
		{FA8CC48C-222A-479B-8CD6-0A088574861A}.Release|x64.Build.0 = Release|x64
		{FA8CC48C-222A-479B-8CD6-0A088574861A}.Release|x86.ActiveCfg = Release|Win32
		{FA8CC48C-222A-479B-8CD6-0A088574861A}.Release|x86.Build.0 = Release|Win32
		{121D18F5-FBAA-4E9B-9BA9-D0BF7B93152D}.Debug|x64.ActiveCfg = Debug|x64
		{121D18F5-FBAA-4E9B-9BA9-D0BF7B93152D}.Debug|x64.Build.0 = Debug|x64
		{121D18F5-FBAA-4E9B-9BA9-D0BF7B93152D}.Debug|x86.ActiveCfg = Debug|Win32
		{121D18F5-FBAA-4E9B-9BA9-D0BF7B93152D}.Debug|x86.Build.0 = Debug|Win32
		{121D18F5-FBAA-4E9B-9BA9-D0BF7B93152D}.Release|x64.ActiveCfg = Release|x64
		{121D18F5-FBAA-4E9B-9BA9-D0BF7B93152D}.Release|x64.Build.0 = Release|x64
		{121D18F5-FBAA-4E9B-9BA9-D0BF7B93152D}.Release|x86.ActiveCfg = Release|Win32
		{121D18F5-FBAA-4E9B-9BA9-D0BF7B93152D}.Release|x86.Build.0 = Release|Win32
		{D58C93E8-BCA7-4FCF-BD3C-20B5298617CB}.Debug|x64.ActiveCfg = Debug|x64
		{D58C93E8-BCA7-4FCF-BD3C-20B5298617CB}.Debug|x64.Build.0 = Debug|x64
		{D58C93E8-BCA7-4FCF-BD3C-20B5298617CB}.Debug|x86.ActiveCfg = Debug|Win32
		{D58C93E8-BCA7-4FCF-BD3C-20B5298617CB}.Debug|x86.Build.0 = Debug|Win32
		{D58C93E8-BCA7-4FCF-BD3C-20B5298617CB}.Release|x64.ActiveCfg = Release|x64
		{D58C93E8-BCA7-4FCF-BD3C-20B5298617CB}.Release|x64.Build.0 = Release|x64
		{D58C93E8-BCA7-4FCF-BD3C-20B5298617CB}.Release|x86.ActiveCfg = Release|Win32
		{D58C93E8-BCA7-4FCF-BD3C-20B5298617CB}.Release|x86.Build.0 = Release|Win32
		{2F504115-E62F-4533-82B6-916309CB672D}.Debug|x64.ActiveCfg = Debug|x64
		{2F504115-E62F-4533-82B6-916309CB672D}.Debug|x64.Build.0 = Debug|x64
		{2F504115-E62F-4533-82B6-916309CB672D}.Debug|x86.ActiveCfg = Debug|Win32
		{2F504115-E62F-4533-82B6-916309CB672D}.Debug|x86.Build.0 = Debug|Win32
		{2F504115-E62F-4533-82B6-916309CB672D}.Release|x64.ActiveCfg = Release|x64
		{2F504115-E62F-4533-82B6-916309CB672D}.Release|x64.Build.0 = Release|x64
		{2F504115-E62F-4533-82B6-916309CB672D}.Release|x86.ActiveCfg = Release|Win32
		{2F504115-E62F-4533-82B6-916309CB672D}.Release|x86.Build.0 = Release|Win32
		{844DBFFC-323B-4B89-836B-2D218A244D1E}.Debug|x64.ActiveCfg = Debug|x64
		{844DBFFC-323B-4B89-836B-2D218A244D1E}.Debug|x64.Build.0 = Debug|x64
		{844DBFFC-323B-4B89-836B-2D218A244D1E}.Debug|x86.ActiveCfg = Debug|Win32
		{844DBFFC-323B-4B89-836B-2D218A244D1E}.Debug|x86.Build.0 = Debug|Win32
		{844DBFFC-323B-4B89-836B-2D218A244D1E}.Release|x64.ActiveCfg = Release|x64
		{844DBFFC-323B-4B89-836B-2D218A244D1E}.Release|x64.Build.0 = Release|x64
		{844DBFFC-323B-4B89-836B-2D218A244D1E}.Release|x86.ActiveCfg = Release|Win32
		{844DBFFC-323B-4B89-836B-2D218A244D1E}.Release|x86.Build.0 = Release|Win32
		{5A1B368C-B792-43C1-9922-ABC73A46D571}.Debug|x64.ActiveCfg = Debug|x64
		{5A1B368C-B792-43C1-9922-ABC73A46D571}.Debug|x64.Build.0 = Debug|x64
		{5A1B368C-B792-43C1-9922-ABC73A46D571}.Debug|x86.ActiveCfg = Debug|Win32
		{5A1B368C-B792-43C1-9922-ABC73A46D571}.Debug|x86.Build.0 = Debug|Win32
		{5A1B368C-B792-43C1-9922-ABC73A46D571}.Release|x64.ActiveCfg = Release|x64
		{5A1B368C-B792-43C1-9922-ABC73A46D571}.Release|x64.Build.0 = Release|x64
		{5A1B368C-B792-43C1-9922-ABC73A46D571}.Release|x86.ActiveCfg = Release|Win32
		{5A1B368C-B792-43C1-9922-ABC73A46D571}.Release|x86.Build.0 = Release|Win32
		{FA179911-991A-4478-B5F2-CE0950A5F009}.Debug|x64.ActiveCfg = Debug|x64
		{FA179911-991A-4478-B5F2-CE0950A5F009}.Debug|x64.Build.0 = Debug|x64
		{FA179911-991A-4478-B5F2-CE0950A5F009}.Debug|x86.ActiveCfg = Debug|Win32
		{FA179911-991A-4478-B5F2-CE0950A5F009}.Debug|x86.Build.0 = Debug|Win32
		{FA179911-991A-4478-B5F2-CE0950A5F009}.Release|x64.ActiveCfg = Release|x64
		{FA179911-991A-4478-B5F2-CE0950A5F009}.Release|x64.Build.0 = Release|x64
		{FA179911-991A-4478-B5F2-CE0950A5F009}.Release|x86.ActiveCfg = Release|Win32
		{FA179911-991A-4478-B5F2-CE0950A5F009}.Release|x86.Build.0 = Release|Win32
	EndGlobalSection
	GlobalSection(SolutionProperties) = preSolution
		HideSolutionNode = FALSE
	EndGlobalSection
	GlobalSection(NestedProjects) = preSolution
		{CC9284E7-5B5C-4C20-A635-94D9C2274769} = {8A2566F5-D54B-4C30-85A9-A9DDCBDAC75C}
		{FA8CC48C-222A-479B-8CD6-0A088574861A} = {8A2566F5-D54B-4C30-85A9-A9DDCBDAC75C}
		{121D18F5-FBAA-4E9B-9BA9-D0BF7B93152D} = {91FA7672-3A81-4BDC-A9A4-A682E92D8970}
		{D58C93E8-BCA7-4FCF-BD3C-20B5298617CB} = {8A2566F5-D54B-4C30-85A9-A9DDCBDAC75C}
		{2F504115-E62F-4533-82B6-916309CB672D} = {8A2566F5-D54B-4C30-85A9-A9DDCBDAC75C}
		{844DBFFC-323B-4B89-836B-2D218A244D1E} = {8A2566F5-D54B-4C30-85A9-A9DDCBDAC75C}
		{5A1B368C-B792-43C1-9922-ABC73A46D571} = {8A2566F5-D54B-4C30-85A9-A9DDCBDAC75C}
		{FA179911-991A-4478-B5F2-CE0950A5F009} = {8A2566F5-D54B-4C30-85A9-A9DDCBDAC75C}
	EndGlobalSection
EndGlobal
