<?xml version="1.0" encoding="utf-8"?>
<Project ToolsVersion="4.0" xmlns="http://schemas.microsoft.com/developer/msbuild/2003">
  <ItemGroup>
    <Filter Include="소스 파일">
      <UniqueIdentifier>{4FC737F1-C7A5-4376-A066-2A32D752A2FF}</UniqueIdentifier>
      <Extensions>cpp;c;cc;cxx;def;odl;idl;hpj;bat;asm;asmx</Extensions>
    </Filter>
    <Filter Include="헤더 파일">
      <UniqueIdentifier>{93995380-89BD-4b04-88EB-625FBE52EBFB}</UniqueIdentifier>
      <Extensions>h;hpp;hxx;hm;inl;inc;xsd</Extensions>
    </Filter>
    <Filter Include="리소스 파일">
      <UniqueIdentifier>{67DA6AB6-F800-4c08-8B7A-83BB121AAD01}</UniqueIdentifier>
      <Extensions>rc;ico;cur;bmp;dlg;rc2;rct;bin;rgs;gif;jpg;jpeg;jpe;resx;tiff;tif;png;wav</Extensions>
    </Filter>
  </ItemGroup>
  <ItemGroup>
    <ClCompile Include="TArcBall.cpp">
      <Filter>소스 파일</Filter>
    </ClCompile>
    <ClCompile Include="TBackViewCamera.cpp">
      <Filter>소스 파일</Filter>
    </ClCompile>
    <ClCompile Include="TBasisLib_2.cpp">
      <Filter>소스 파일</Filter>
    </ClCompile>
    <ClCompile Include="TCamera.cpp">
      <Filter>소스 파일</Filter>
    </ClCompile>
    <ClCompile Include="TDevice.cpp">
      <Filter>소스 파일</Filter>
    </ClCompile>
    <ClCompile Include="TDxBuffer.cpp">
      <Filter>소스 파일</Filter>
    </ClCompile>
    <ClCompile Include="TDxState.cpp">
      <Filter>소스 파일</Filter>
    </ClCompile>
    <ClCompile Include="TEditer.cpp">
      <Filter>소스 파일</Filter>
    </ClCompile>
    <ClCompile Include="TFrustum.cpp">
      <Filter>소스 파일</Filter>
    </ClCompile>
    <ClCompile Include="TInput.cpp">
      <Filter>소스 파일</Filter>
    </ClCompile>
    <ClCompile Include="TInputLayout.cpp">
      <Filter>소스 파일</Filter>
    </ClCompile>
    <ClCompile Include="TMatrix.cpp">
      <Filter>소스 파일</Filter>
    </ClCompile>
    <ClCompile Include="TModelViewCamera.cpp">
      <Filter>소스 파일</Filter>
    </ClCompile>
    <ClCompile Include="TRegister.cpp">
      <Filter>소스 파일</Filter>
    </ClCompile>
    <ClCompile Include="TShader.cpp">
      <Filter>소스 파일</Filter>
    </ClCompile>
    <ClCompile Include="TShape.cpp">
      <Filter>소스 파일</Filter>
    </ClCompile>
    <ClCompile Include="TTexture.cpp">
      <Filter>소스 파일</Filter>
    </ClCompile>
    <ClCompile Include="TTimer.cpp">
      <Filter>소스 파일</Filter>
    </ClCompile>
    <ClCompile Include="TVector.cpp">
      <Filter>소스 파일</Filter>
    </ClCompile>
    <ClCompile Include="TViewDS.cpp">
      <Filter>소스 파일</Filter>
    </ClCompile>
    <ClCompile Include="TViewPort.cpp">
      <Filter>소스 파일</Filter>
    </ClCompile>
    <ClCompile Include="TViewRT.cpp">
      <Filter>소스 파일</Filter>
    </ClCompile>
    <ClCompile Include="TWindow.cpp">
      <Filter>소스 파일</Filter>
    </ClCompile>
    <ClCompile Include="TRenderTexture.cpp">
      <Filter>소스 파일</Filter>
    </ClCompile>
    <ClCompile Include="TStreamOut.cpp">
      <Filter>소스 파일</Filter>
    </ClCompile>
    <ClCompile Include="TDirectWrite.cpp">
      <Filter>소스 파일</Filter>
    </ClCompile>
    <ClCompile Include="TMiniMap.cpp">
      <Filter>소스 파일</Filter>
    </ClCompile>
    <ClCompile Include="TRender.cpp">
      <Filter>소스 파일</Filter>
    </ClCompile>
    <ClCompile Include="TParser.cpp">
      <Filter>소스 파일</Filter>
    </ClCompile>
  </ItemGroup>
  <ItemGroup>
    <ClInclude Include="TArcBall.h">
      <Filter>헤더 파일</Filter>
    </ClInclude>
    <ClInclude Include="TBackViewCamera.h">
      <Filter>헤더 파일</Filter>
    </ClInclude>
    <ClInclude Include="TBasis.h">
      <Filter>헤더 파일</Filter>
    </ClInclude>
    <ClInclude Include="TBasisLib_2.h">
      <Filter>헤더 파일</Filter>
    </ClInclude>
    <ClInclude Include="TBasisStd.h">
      <Filter>헤더 파일</Filter>
    </ClInclude>
    <ClInclude Include="TCamera.h">
      <Filter>헤더 파일</Filter>
    </ClInclude>
    <ClInclude Include="TDefine.h">
      <Filter>헤더 파일</Filter>
    </ClInclude>
    <ClInclude Include="TDevice.h">
      <Filter>헤더 파일</Filter>
    </ClInclude>
    <ClInclude Include="TDxBuffer.h">
      <Filter>헤더 파일</Filter>
    </ClInclude>
    <ClInclude Include="TDxState.h">
      <Filter>헤더 파일</Filter>
    </ClInclude>
    <ClInclude Include="TEditer.h">
      <Filter>헤더 파일</Filter>
    </ClInclude>
    <ClInclude Include="TFrustum.h">
      <Filter>헤더 파일</Filter>
    </ClInclude>
    <ClInclude Include="TInput.h">
      <Filter>헤더 파일</Filter>
    </ClInclude>
    <ClInclude Include="TInputLayout.h">
      <Filter>헤더 파일</Filter>
    </ClInclude>
    <ClInclude Include="TMatrix.h">
      <Filter>헤더 파일</Filter>
    </ClInclude>
    <ClInclude Include="TModelViewCamera.h">
      <Filter>헤더 파일</Filter>
    </ClInclude>
    <ClInclude Include="TRegister.h">
      <Filter>헤더 파일</Filter>
    </ClInclude>
    <ClInclude Include="TShader.h">
      <Filter>헤더 파일</Filter>
    </ClInclude>
    <ClInclude Include="TShape.h">
      <Filter>헤더 파일</Filter>
    </ClInclude>
    <ClInclude Include="TStructure.h">
      <Filter>헤더 파일</Filter>
    </ClInclude>
    <ClInclude Include="TTemplate.h">
      <Filter>헤더 파일</Filter>
    </ClInclude>
    <ClInclude Include="TTexture.h">
      <Filter>헤더 파일</Filter>
    </ClInclude>
    <ClInclude Include="TTimer.h">
      <Filter>헤더 파일</Filter>
    </ClInclude>
    <ClInclude Include="TVector.h">
      <Filter>헤더 파일</Filter>
    </ClInclude>
    <ClInclude Include="TViewDS.h">
      <Filter>헤더 파일</Filter>
    </ClInclude>
    <ClInclude Include="TViewPort.h">
      <Filter>헤더 파일</Filter>
    </ClInclude>
    <ClInclude Include="TViewRT.h">
      <Filter>헤더 파일</Filter>
    </ClInclude>
    <ClInclude Include="TWindow.h">
      <Filter>헤더 파일</Filter>
    </ClInclude>
    <ClInclude Include="TRenderTexture.h">
      <Filter>헤더 파일</Filter>
    </ClInclude>
    <ClInclude Include="TStreamOut.h">
      <Filter>헤더 파일</Filter>
    </ClInclude>
    <ClInclude Include="TDirectWrite.h">
      <Filter>헤더 파일</Filter>
    </ClInclude>
    <ClInclude Include="TMiniMap.h">
      <Filter>헤더 파일</Filter>
    </ClInclude>
    <ClInclude Include="TBasisEx.h">
      <Filter>헤더 파일</Filter>
    </ClInclude>
    <ClInclude Include="TRender.h">
      <Filter>헤더 파일</Filter>
    </ClInclude>
    <ClInclude Include="TParser.h">
      <Filter>헤더 파일</Filter>
    </ClInclude>
  </ItemGroup>
  <ItemGroup>
    <Text Include="ReadMe.txt" />
  </ItemGroup>
  <ItemGroup>
    <FxCompile Include="..\..\Data\shader\Lighting.fx" />
    <FxCompile Include="..\..\Data\shader\RenderBox.fx" />
    <FxCompile Include="..\..\Data\shader\Shape.fx" />
  </ItemGroup>
</Project>